// !$*UTF8*$!
{
	archiveVersion = 1;
	classes = {
	};
	objectVersion = 46;
	objects = {

/* Begin PBXBuildFile section */
		740CA6AE1D0098D200DF0102 /* CameraControlsView.swift in Sources */ = {isa = PBXBuildFile; fileRef = 740CA6AD1D0098D200DF0102 /* CameraControlsView.swift */; };
		741119461CFF9818009B56CF /* SlideInAnimatedTransition.swift in Sources */ = {isa = PBXBuildFile; fileRef = 741119451CFF9818009B56CF /* SlideInAnimatedTransition.swift */; };
		741CEC5B1D0A2E99008CDA50 /* Optional+Unwrap.swift in Sources */ = {isa = PBXBuildFile; fileRef = 741CEC5A1D0A2E99008CDA50 /* Optional+Unwrap.swift */; };
		7433DBE41CF8F1B500529931 /* Platform.swift in Sources */ = {isa = PBXBuildFile; fileRef = 7433DBE31CF8F1B500529931 /* Platform.swift */; };
		74461E991CD1E5230043A86F /* DragonCore.swift in Sources */ = {isa = PBXBuildFile; fileRef = 74461E981CD1E5230043A86F /* DragonCore.swift */; };
		74461E9B1CD1E6360043A86F /* AddAssetViewController.swift in Sources */ = {isa = PBXBuildFile; fileRef = 74461E9A1CD1E6360043A86F /* AddAssetViewController.swift */; };
		74461E9E1CD1E7160043A86F /* BlurredSheetPresentationController.swift in Sources */ = {isa = PBXBuildFile; fileRef = 74461E9D1CD1E7160043A86F /* BlurredSheetPresentationController.swift */; };
		74477BB51D1B1DBF0038E058 /* AssetGroupCollectionViewCell.swift in Sources */ = {isa = PBXBuildFile; fileRef = 74477BB41D1B1DBF0038E058 /* AssetGroupCollectionViewCell.swift */; };
		745521B71CCFE9D20041C072 /* Asset.swift in Sources */ = {isa = PBXBuildFile; fileRef = 745521B61CCFE9D20041C072 /* Asset.swift */; };
		745521B91CCFEA900041C072 /* Signal.swift in Sources */ = {isa = PBXBuildFile; fileRef = 745521B81CCFEA900041C072 /* Signal.swift */; };
		745521BB1CCFEB160041C072 /* Slot.swift in Sources */ = {isa = PBXBuildFile; fileRef = 745521BA1CCFEB160041C072 /* Slot.swift */; };
		745521BD1CCFFECD0041C072 /* AssetCollectionViewCell.swift in Sources */ = {isa = PBXBuildFile; fileRef = 745521BC1CCFFECD0041C072 /* AssetCollectionViewCell.swift */; };
		745521BF1CD00BEC0041C072 /* Project.swift in Sources */ = {isa = PBXBuildFile; fileRef = 745521BE1CD00BEC0041C072 /* Project.swift */; };
		74565E591CFA1460005AC140 /* Node.swift in Sources */ = {isa = PBXBuildFile; fileRef = 74565E581CFA1460005AC140 /* Node.swift */; };
		74565E5B1CFA14CE005AC140 /* CameraNode.swift in Sources */ = {isa = PBXBuildFile; fileRef = 74565E5A1CFA14CE005AC140 /* CameraNode.swift */; };
		74565E611CFBA3A7005AC140 /* DevicePickerViewController.swift in Sources */ = {isa = PBXBuildFile; fileRef = 74565E601CFBA3A7005AC140 /* DevicePickerViewController.swift */; };
		74565E631CFBA910005AC140 /* DevicePickerViewModel.swift in Sources */ = {isa = PBXBuildFile; fileRef = 74565E621CFBA910005AC140 /* DevicePickerViewModel.swift */; };
		74B4FACD1CCAA52D00AE26EC /* DividableViewController.swift in Sources */ = {isa = PBXBuildFile; fileRef = 74B4FACC1CCAA52D00AE26EC /* DividableViewController.swift */; };
		74B4FAD11CCAA55600AE26EC /* TimelineViewController.swift in Sources */ = {isa = PBXBuildFile; fileRef = 74B4FAD01CCAA55600AE26EC /* TimelineViewController.swift */; };
		74B8B3A21D22C964004F54F2 /* UIViewControllerContextTransitioning+isPresenting.swift in Sources */ = {isa = PBXBuildFile; fileRef = 74B8B3A11D22C964004F54F2 /* UIViewControllerContextTransitioning+isPresenting.swift */; };
		74B8B3A71D22CB32004F54F2 /* UIViewControllerContextTransitioning+addViewForNextViewControllerIfNeeded.swift in Sources */ = {isa = PBXBuildFile; fileRef = 74B8B3A61D22CB32004F54F2 /* UIViewControllerContextTransitioning+addViewForNextViewControllerIfNeeded.swift */; };
		74B8B3A91D22D7D2004F54F2 /* AssetGroupsToAssetGroupCollectionViewTransitionLayout.swift in Sources */ = {isa = PBXBuildFile; fileRef = 74B8B3A81D22D7D2004F54F2 /* AssetGroupsToAssetGroupCollectionViewTransitionLayout.swift */; };
		74B8DC771CCAB1A900B9E1ED /* EditorViewController.swift in Sources */ = {isa = PBXBuildFile; fileRef = 74B8DC761CCAB1A900B9E1ED /* EditorViewController.swift */; };
		74B8DC791CCAD72800B9E1ED /* AssetsViewController.swift in Sources */ = {isa = PBXBuildFile; fileRef = 74B8DC781CCAD72800B9E1ED /* AssetsViewController.swift */; };
		74B8DC7B1CCAD74400B9E1ED /* PreviewViewController.swift in Sources */ = {isa = PBXBuildFile; fileRef = 74B8DC7A1CCAD74400B9E1ED /* PreviewViewController.swift */; };
		74B8DC891CCBF32D00B9E1ED /* TimelineCollectionViewLayout.swift in Sources */ = {isa = PBXBuildFile; fileRef = 74B8DC881CCBF32D00B9E1ED /* TimelineCollectionViewLayout.swift */; };
		74B8DC8C1CCBF6A200B9E1ED /* TimelineHeaderDecorationView.swift in Sources */ = {isa = PBXBuildFile; fileRef = 74B8DC8B1CCBF6A200B9E1ED /* TimelineHeaderDecorationView.swift */; };
		74B8DC8E1CCD593600B9E1ED /* TimelineTimeMarkerSupplementaryView.swift in Sources */ = {isa = PBXBuildFile; fileRef = 74B8DC8D1CCD593600B9E1ED /* TimelineTimeMarkerSupplementaryView.swift */; };
		74B8DC911CCD6A1100B9E1ED /* TimelineCollectionViewLayoutAttributes.swift in Sources */ = {isa = PBXBuildFile; fileRef = 74B8DC901CCD6A1100B9E1ED /* TimelineCollectionViewLayoutAttributes.swift */; };
		74B8DC931CCD712100B9E1ED /* EditorContext.swift in Sources */ = {isa = PBXBuildFile; fileRef = 74B8DC921CCD712100B9E1ED /* EditorContext.swift */; };
		74B8DC951CCE083400B9E1ED /* Track.swift in Sources */ = {isa = PBXBuildFile; fileRef = 74B8DC941CCE083400B9E1ED /* Track.swift */; };
		74B8DC991CCE090900B9E1ED /* Frozen.swift in Sources */ = {isa = PBXBuildFile; fileRef = 74B8DC981CCE090900B9E1ED /* Frozen.swift */; };
		74B8DC9C1CCE0B5700B9E1ED /* CollectionType.swift in Sources */ = {isa = PBXBuildFile; fileRef = 74B8DC9B1CCE0B5700B9E1ED /* CollectionType.swift */; };
		74B8DC9E1CCE0B9900B9E1ED /* TimelineTrackDecorationView.swift in Sources */ = {isa = PBXBuildFile; fileRef = 74B8DC9D1CCE0B9800B9E1ED /* TimelineTrackDecorationView.swift */; };
		74B8DCA01CCE0C1400B9E1ED /* TimelineTrackHeaderSupplementaryView.swift in Sources */ = {isa = PBXBuildFile; fileRef = 74B8DC9F1CCE0C1400B9E1ED /* TimelineTrackHeaderSupplementaryView.swift */; };
		74C815DD1CCEA924007B285D /* UtilitesViewController.swift in Sources */ = {isa = PBXBuildFile; fileRef = 74C815DC1CCEA924007B285D /* UtilitesViewController.swift */; };
		74C815DF1CCEAB1A007B285D /* InspectorViewController.swift in Sources */ = {isa = PBXBuildFile; fileRef = 74C815DE1CCEAB1A007B285D /* InspectorViewController.swift */; };
		74D638E71C4D941F00175740 /* AppDelegate.swift in Sources */ = {isa = PBXBuildFile; fileRef = 74D638E61C4D941F00175740 /* AppDelegate.swift */; };
		74D638EE1C4D941F00175740 /* Assets.xcassets in Resources */ = {isa = PBXBuildFile; fileRef = 74D638ED1C4D941F00175740 /* Assets.xcassets */; };
		74D638F11C4D941F00175740 /* LaunchScreen.storyboard in Resources */ = {isa = PBXBuildFile; fileRef = 74D638EF1C4D941F00175740 /* LaunchScreen.storyboard */; };
		74EBF2981CD3BEFF0094F1DF /* AssetSourceViewController.swift in Sources */ = {isa = PBXBuildFile; fileRef = 74EBF2971CD3BEFF0094F1DF /* AssetSourceViewController.swift */; };
		74EBF29B1CD3C7EF0094F1DF /* AssetImportSource.swift in Sources */ = {isa = PBXBuildFile; fileRef = 74EBF29A1CD3C7EF0094F1DF /* AssetImportSource.swift */; };
		74EBF29D1CD3C85D0094F1DF /* PhotoLibraryAssetImportSource.swift in Sources */ = {isa = PBXBuildFile; fileRef = 74EBF29C1CD3C85D0094F1DF /* PhotoLibraryAssetImportSource.swift */; };
		74EBF29F1CD3CB4B0094F1DF /* AssetGroupsViewController.swift in Sources */ = {isa = PBXBuildFile; fileRef = 74EBF29E1CD3CB4B0094F1DF /* AssetGroupsViewController.swift */; };
		74EBF2A41CD3D8750094F1DF /* CameraViewController.swift in Sources */ = {isa = PBXBuildFile; fileRef = 74EBF2A31CD3D8750094F1DF /* CameraViewController.swift */; };
		74F57E4B1D21D64E00219535 /* AssetGroupsCollectionViewLayout.swift in Sources */ = {isa = PBXBuildFile; fileRef = 74F57E4A1D21D64E00219535 /* AssetGroupsCollectionViewLayout.swift */; };
		74F57E4D1D22761C00219535 /* AssetGroupViewController.swift in Sources */ = {isa = PBXBuildFile; fileRef = 74F57E4C1D22761C00219535 /* AssetGroupViewController.swift */; };
		FCCDF7D348C4DD63BA71010C /* Pods_Silkscreen.framework in Frameworks */ = {isa = PBXBuildFile; fileRef = EA4CCEFEE09CCEF34BB1398C /* Pods_Silkscreen.framework */; };
/* End PBXBuildFile section */

/* Begin PBXFileReference section */
		20A0F24F2E770C6631C00547 /* Pods-Silkscreen.debug.xcconfig */ = {isa = PBXFileReference; includeInIndex = 1; lastKnownFileType = text.xcconfig; name = "Pods-Silkscreen.debug.xcconfig"; path = "Pods/Target Support Files/Pods-Silkscreen/Pods-Silkscreen.debug.xcconfig"; sourceTree = "<group>"; };
		740CA6AD1D0098D200DF0102 /* CameraControlsView.swift */ = {isa = PBXFileReference; fileEncoding = 4; lastKnownFileType = sourcecode.swift; path = CameraControlsView.swift; sourceTree = "<group>"; };
		741119451CFF9818009B56CF /* SlideInAnimatedTransition.swift */ = {isa = PBXFileReference; fileEncoding = 4; lastKnownFileType = sourcecode.swift; path = SlideInAnimatedTransition.swift; sourceTree = "<group>"; };
		741CEC5A1D0A2E99008CDA50 /* Optional+Unwrap.swift */ = {isa = PBXFileReference; fileEncoding = 4; lastKnownFileType = sourcecode.swift; path = "Optional+Unwrap.swift"; sourceTree = "<group>"; };
		7433DBE31CF8F1B500529931 /* Platform.swift */ = {isa = PBXFileReference; fileEncoding = 4; lastKnownFileType = sourcecode.swift; path = Platform.swift; sourceTree = "<group>"; };
		74461E981CD1E5230043A86F /* DragonCore.swift */ = {isa = PBXFileReference; fileEncoding = 4; lastKnownFileType = sourcecode.swift; path = DragonCore.swift; sourceTree = "<group>"; };
		74461E9A1CD1E6360043A86F /* AddAssetViewController.swift */ = {isa = PBXFileReference; fileEncoding = 4; lastKnownFileType = sourcecode.swift; path = AddAssetViewController.swift; sourceTree = "<group>"; };
		74461E9D1CD1E7160043A86F /* BlurredSheetPresentationController.swift */ = {isa = PBXFileReference; fileEncoding = 4; lastKnownFileType = sourcecode.swift; path = BlurredSheetPresentationController.swift; sourceTree = "<group>"; };
		74477BB41D1B1DBF0038E058 /* AssetGroupCollectionViewCell.swift */ = {isa = PBXFileReference; fileEncoding = 4; lastKnownFileType = sourcecode.swift; path = AssetGroupCollectionViewCell.swift; sourceTree = "<group>"; };
		745521B61CCFE9D20041C072 /* Asset.swift */ = {isa = PBXFileReference; fileEncoding = 4; lastKnownFileType = sourcecode.swift; path = Asset.swift; sourceTree = "<group>"; };
		745521B81CCFEA900041C072 /* Signal.swift */ = {isa = PBXFileReference; fileEncoding = 4; lastKnownFileType = sourcecode.swift; path = Signal.swift; sourceTree = "<group>"; };
		745521BA1CCFEB160041C072 /* Slot.swift */ = {isa = PBXFileReference; fileEncoding = 4; lastKnownFileType = sourcecode.swift; path = Slot.swift; sourceTree = "<group>"; };
		745521BC1CCFFECD0041C072 /* AssetCollectionViewCell.swift */ = {isa = PBXFileReference; fileEncoding = 4; lastKnownFileType = sourcecode.swift; path = AssetCollectionViewCell.swift; sourceTree = "<group>"; };
		745521BE1CD00BEC0041C072 /* Project.swift */ = {isa = PBXFileReference; fileEncoding = 4; lastKnownFileType = sourcecode.swift; path = Project.swift; sourceTree = "<group>"; };
		74565E581CFA1460005AC140 /* Node.swift */ = {isa = PBXFileReference; fileEncoding = 4; lastKnownFileType = sourcecode.swift; path = Node.swift; sourceTree = "<group>"; };
		74565E5A1CFA14CE005AC140 /* CameraNode.swift */ = {isa = PBXFileReference; fileEncoding = 4; lastKnownFileType = sourcecode.swift; path = CameraNode.swift; sourceTree = "<group>"; };
		74565E601CFBA3A7005AC140 /* DevicePickerViewController.swift */ = {isa = PBXFileReference; fileEncoding = 4; lastKnownFileType = sourcecode.swift; path = DevicePickerViewController.swift; sourceTree = "<group>"; };
		74565E621CFBA910005AC140 /* DevicePickerViewModel.swift */ = {isa = PBXFileReference; fileEncoding = 4; lastKnownFileType = sourcecode.swift; path = DevicePickerViewModel.swift; sourceTree = "<group>"; };
		74B4FACC1CCAA52D00AE26EC /* DividableViewController.swift */ = {isa = PBXFileReference; fileEncoding = 4; lastKnownFileType = sourcecode.swift; path = DividableViewController.swift; sourceTree = "<group>"; };
		74B4FAD01CCAA55600AE26EC /* TimelineViewController.swift */ = {isa = PBXFileReference; fileEncoding = 4; lastKnownFileType = sourcecode.swift; path = TimelineViewController.swift; sourceTree = "<group>"; };
		74B8B3A11D22C964004F54F2 /* UIViewControllerContextTransitioning+isPresenting.swift */ = {isa = PBXFileReference; fileEncoding = 4; lastKnownFileType = sourcecode.swift; path = "UIViewControllerContextTransitioning+isPresenting.swift"; sourceTree = "<group>"; };
		74B8B3A61D22CB32004F54F2 /* UIViewControllerContextTransitioning+addViewForNextViewControllerIfNeeded.swift */ = {isa = PBXFileReference; fileEncoding = 4; lastKnownFileType = sourcecode.swift; path = "UIViewControllerContextTransitioning+addViewForNextViewControllerIfNeeded.swift"; sourceTree = "<group>"; };
		74B8B3A81D22D7D2004F54F2 /* AssetGroupsToAssetGroupCollectionViewTransitionLayout.swift */ = {isa = PBXFileReference; fileEncoding = 4; lastKnownFileType = sourcecode.swift; path = AssetGroupsToAssetGroupCollectionViewTransitionLayout.swift; sourceTree = "<group>"; };
		74B8DC761CCAB1A900B9E1ED /* EditorViewController.swift */ = {isa = PBXFileReference; fileEncoding = 4; lastKnownFileType = sourcecode.swift; path = EditorViewController.swift; sourceTree = "<group>"; };
		74B8DC781CCAD72800B9E1ED /* AssetsViewController.swift */ = {isa = PBXFileReference; fileEncoding = 4; lastKnownFileType = sourcecode.swift; path = AssetsViewController.swift; sourceTree = "<group>"; };
		74B8DC7A1CCAD74400B9E1ED /* PreviewViewController.swift */ = {isa = PBXFileReference; fileEncoding = 4; lastKnownFileType = sourcecode.swift; path = PreviewViewController.swift; sourceTree = "<group>"; };
		74B8DC881CCBF32D00B9E1ED /* TimelineCollectionViewLayout.swift */ = {isa = PBXFileReference; fileEncoding = 4; lastKnownFileType = sourcecode.swift; path = TimelineCollectionViewLayout.swift; sourceTree = "<group>"; };
		74B8DC8B1CCBF6A200B9E1ED /* TimelineHeaderDecorationView.swift */ = {isa = PBXFileReference; fileEncoding = 4; lastKnownFileType = sourcecode.swift; path = TimelineHeaderDecorationView.swift; sourceTree = "<group>"; };
		74B8DC8D1CCD593600B9E1ED /* TimelineTimeMarkerSupplementaryView.swift */ = {isa = PBXFileReference; fileEncoding = 4; lastKnownFileType = sourcecode.swift; path = TimelineTimeMarkerSupplementaryView.swift; sourceTree = "<group>"; };
		74B8DC901CCD6A1100B9E1ED /* TimelineCollectionViewLayoutAttributes.swift */ = {isa = PBXFileReference; fileEncoding = 4; lastKnownFileType = sourcecode.swift; path = TimelineCollectionViewLayoutAttributes.swift; sourceTree = "<group>"; };
		74B8DC921CCD712100B9E1ED /* EditorContext.swift */ = {isa = PBXFileReference; fileEncoding = 4; lastKnownFileType = sourcecode.swift; path = EditorContext.swift; sourceTree = "<group>"; };
		74B8DC941CCE083400B9E1ED /* Track.swift */ = {isa = PBXFileReference; fileEncoding = 4; lastKnownFileType = sourcecode.swift; path = Track.swift; sourceTree = "<group>"; };
		74B8DC981CCE090900B9E1ED /* Frozen.swift */ = {isa = PBXFileReference; fileEncoding = 4; lastKnownFileType = sourcecode.swift; path = Frozen.swift; sourceTree = "<group>"; };
		74B8DC9B1CCE0B5700B9E1ED /* CollectionType.swift */ = {isa = PBXFileReference; fileEncoding = 4; lastKnownFileType = sourcecode.swift; path = CollectionType.swift; sourceTree = "<group>"; };
		74B8DC9D1CCE0B9800B9E1ED /* TimelineTrackDecorationView.swift */ = {isa = PBXFileReference; fileEncoding = 4; lastKnownFileType = sourcecode.swift; path = TimelineTrackDecorationView.swift; sourceTree = "<group>"; };
		74B8DC9F1CCE0C1400B9E1ED /* TimelineTrackHeaderSupplementaryView.swift */ = {isa = PBXFileReference; fileEncoding = 4; lastKnownFileType = sourcecode.swift; path = TimelineTrackHeaderSupplementaryView.swift; sourceTree = "<group>"; };
		74C815DC1CCEA924007B285D /* UtilitesViewController.swift */ = {isa = PBXFileReference; fileEncoding = 4; lastKnownFileType = sourcecode.swift; path = UtilitesViewController.swift; sourceTree = "<group>"; };
		74C815DE1CCEAB1A007B285D /* InspectorViewController.swift */ = {isa = PBXFileReference; fileEncoding = 4; lastKnownFileType = sourcecode.swift; path = InspectorViewController.swift; sourceTree = "<group>"; };
		74D638E31C4D941F00175740 /* Silkscreen.app */ = {isa = PBXFileReference; explicitFileType = wrapper.application; includeInIndex = 0; path = Silkscreen.app; sourceTree = BUILT_PRODUCTS_DIR; };
		74D638E61C4D941F00175740 /* AppDelegate.swift */ = {isa = PBXFileReference; lastKnownFileType = sourcecode.swift; path = AppDelegate.swift; sourceTree = "<group>"; };
		74D638ED1C4D941F00175740 /* Assets.xcassets */ = {isa = PBXFileReference; lastKnownFileType = folder.assetcatalog; path = Assets.xcassets; sourceTree = "<group>"; };
		74D638F01C4D941F00175740 /* Base */ = {isa = PBXFileReference; lastKnownFileType = file.storyboard; name = Base; path = Base.lproj/LaunchScreen.storyboard; sourceTree = "<group>"; };
		74D638F21C4D941F00175740 /* Info.plist */ = {isa = PBXFileReference; lastKnownFileType = text.plist.xml; path = Info.plist; sourceTree = "<group>"; };
		74EBF2971CD3BEFF0094F1DF /* AssetSourceViewController.swift */ = {isa = PBXFileReference; fileEncoding = 4; lastKnownFileType = sourcecode.swift; path = AssetSourceViewController.swift; sourceTree = "<group>"; };
		74EBF29A1CD3C7EF0094F1DF /* AssetImportSource.swift */ = {isa = PBXFileReference; fileEncoding = 4; lastKnownFileType = sourcecode.swift; path = AssetImportSource.swift; sourceTree = "<group>"; };
		74EBF29C1CD3C85D0094F1DF /* PhotoLibraryAssetImportSource.swift */ = {isa = PBXFileReference; fileEncoding = 4; lastKnownFileType = sourcecode.swift; path = PhotoLibraryAssetImportSource.swift; sourceTree = "<group>"; };
		74EBF29E1CD3CB4B0094F1DF /* AssetGroupsViewController.swift */ = {isa = PBXFileReference; fileEncoding = 4; lastKnownFileType = sourcecode.swift; path = AssetGroupsViewController.swift; sourceTree = "<group>"; };
		74EBF2A31CD3D8750094F1DF /* CameraViewController.swift */ = {isa = PBXFileReference; fileEncoding = 4; lastKnownFileType = sourcecode.swift; path = CameraViewController.swift; sourceTree = "<group>"; };
		74F57E4A1D21D64E00219535 /* AssetGroupsCollectionViewLayout.swift */ = {isa = PBXFileReference; fileEncoding = 4; lastKnownFileType = sourcecode.swift; path = AssetGroupsCollectionViewLayout.swift; sourceTree = "<group>"; };
		74F57E4C1D22761C00219535 /* AssetGroupViewController.swift */ = {isa = PBXFileReference; fileEncoding = 4; lastKnownFileType = sourcecode.swift; path = AssetGroupViewController.swift; sourceTree = "<group>"; };
		BDB10776F2BDA8969D5D10C2 /* Pods-Silkscreen.release.xcconfig */ = {isa = PBXFileReference; includeInIndex = 1; lastKnownFileType = text.xcconfig; name = "Pods-Silkscreen.release.xcconfig"; path = "Pods/Target Support Files/Pods-Silkscreen/Pods-Silkscreen.release.xcconfig"; sourceTree = "<group>"; };
		EA4CCEFEE09CCEF34BB1398C /* Pods_Silkscreen.framework */ = {isa = PBXFileReference; explicitFileType = wrapper.framework; includeInIndex = 0; path = Pods_Silkscreen.framework; sourceTree = BUILT_PRODUCTS_DIR; };
/* End PBXFileReference section */

/* Begin PBXFrameworksBuildPhase section */
		74D638E01C4D941F00175740 /* Frameworks */ = {
			isa = PBXFrameworksBuildPhase;
			buildActionMask = 2147483647;
			files = (
				FCCDF7D348C4DD63BA71010C /* Pods_Silkscreen.framework in Frameworks */,
			);
			runOnlyForDeploymentPostprocessing = 0;
		};
/* End PBXFrameworksBuildPhase section */

/* Begin PBXGroup section */
		32BDDBE454DF2BAF383C98E8 /* Pods */ = {
			isa = PBXGroup;
			children = (
				20A0F24F2E770C6631C00547 /* Pods-Silkscreen.debug.xcconfig */,
				BDB10776F2BDA8969D5D10C2 /* Pods-Silkscreen.release.xcconfig */,
			);
			name = Pods;
			sourceTree = "<group>";
		};
		741119441CFF97FC009B56CF /* Transitions */ = {
			isa = PBXGroup;
			children = (
				741119451CFF9818009B56CF /* SlideInAnimatedTransition.swift */,
			);
			path = Transitions;
			sourceTree = "<group>";
		};
		7433DBE51CF8F40800529931 /* RenderEngine */ = {
			isa = PBXGroup;
			children = (
				74565E581CFA1460005AC140 /* Node.swift */,
				74565E5A1CFA14CE005AC140 /* CameraNode.swift */,
			);
			path = RenderEngine;
			sourceTree = "<group>";
		};
		74461E961CD1E5070043A86F /* VendorExtensions */ = {
			isa = PBXGroup;
			children = (
				74461E971CD1E5150043A86F /* UIViewController */,
			);
			path = VendorExtensions;
			sourceTree = "<group>";
		};
		74461E971CD1E5150043A86F /* UIViewController */ = {
			isa = PBXGroup;
			children = (
				74461E981CD1E5230043A86F /* DragonCore.swift */,
			);
			path = UIViewController;
			sourceTree = "<group>";
		};
		74461E9C1CD1E6F70043A86F /* PresentationControllers */ = {
			isa = PBXGroup;
			children = (
				74461E9D1CD1E7160043A86F /* BlurredSheetPresentationController.swift */,
			);
			path = PresentationControllers;
			sourceTree = "<group>";
		};
		74477BB31D1B1D8D0038E058 /* Cells */ = {
			isa = PBXGroup;
			children = (
				74477BB41D1B1DBF0038E058 /* AssetGroupCollectionViewCell.swift */,
			);
			path = Cells;
			sourceTree = "<group>";
		};
		74B4FACB1CCAA52D00AE26EC /* ViewControllers */ = {
			isa = PBXGroup;
			children = (
				74B4FACC1CCAA52D00AE26EC /* DividableViewController.swift */,
				74B4FAD01CCAA55600AE26EC /* TimelineViewController.swift */,
				74B8DC761CCAB1A900B9E1ED /* EditorViewController.swift */,
				74B8DC781CCAD72800B9E1ED /* AssetsViewController.swift */,
				74B8DC7A1CCAD74400B9E1ED /* PreviewViewController.swift */,
				74C815DC1CCEA924007B285D /* UtilitesViewController.swift */,
				74C815DE1CCEAB1A007B285D /* InspectorViewController.swift */,
				74461E9A1CD1E6360043A86F /* AddAssetViewController.swift */,
				74EBF2971CD3BEFF0094F1DF /* AssetSourceViewController.swift */,
				74EBF29E1CD3CB4B0094F1DF /* AssetGroupsViewController.swift */,
				74EBF2A31CD3D8750094F1DF /* CameraViewController.swift */,
				74565E601CFBA3A7005AC140 /* DevicePickerViewController.swift */,
				74F57E4C1D22761C00219535 /* AssetGroupViewController.swift */,
			);
			path = ViewControllers;
			sourceTree = "<group>";
		};
		74B4FACE1CCAA54500AE26EC /* Models */ = {
			isa = PBXGroup;
			children = (
				74B8DC921CCD712100B9E1ED /* EditorContext.swift */,
				74B8DC941CCE083400B9E1ED /* Track.swift */,
				745521B61CCFE9D20041C072 /* Asset.swift */,
				745521BE1CD00BEC0041C072 /* Project.swift */,
				7433DBE31CF8F1B500529931 /* Platform.swift */,
			);
			path = Models;
			sourceTree = "<group>";
		};
		74B4FACF1CCAA54500AE26EC /* ViewModels */ = {
			isa = PBXGroup;
			children = (
				74565E621CFBA910005AC140 /* DevicePickerViewModel.swift */,
			);
			path = ViewModels;
			sourceTree = "<group>";
		};
		74B8B39C1D22C81C004F54F2 /* Extensions */ = {
			isa = PBXGroup;
			children = (
				74B8B3A01D22C964004F54F2 /* UIViewControllerContextTransitioning */,
			);
			name = Extensions;
			sourceTree = "<group>";
		};
		74B8B3A01D22C964004F54F2 /* UIViewControllerContextTransitioning */ = {
			isa = PBXGroup;
			children = (
				74B8B3A11D22C964004F54F2 /* UIViewControllerContextTransitioning+isPresenting.swift */,
				74B8B3A61D22CB32004F54F2 /* UIViewControllerContextTransitioning+addViewForNextViewControllerIfNeeded.swift */,
			);
			name = UIViewControllerContextTransitioning;
			path = Extensions/UIViewControllerContextTransitioning;
			sourceTree = "<group>";
		};
		74B8DC871CCBF31600B9E1ED /* Layout */ = {
			isa = PBXGroup;
			children = (
				74B8DC8F1CCD69FD00B9E1ED /* LayoutAttributes */,
				74B8DC881CCBF32D00B9E1ED /* TimelineCollectionViewLayout.swift */,
				74F57E4A1D21D64E00219535 /* AssetGroupsCollectionViewLayout.swift */,
				74B8B3A81D22D7D2004F54F2 /* AssetGroupsToAssetGroupCollectionViewTransitionLayout.swift */,
			);
			path = Layout;
			sourceTree = "<group>";
		};
		74B8DC8A1CCBF69100B9E1ED /* View */ = {
			isa = PBXGroup;
			children = (
				74B8DC8B1CCBF6A200B9E1ED /* TimelineHeaderDecorationView.swift */,
				74B8DC8D1CCD593600B9E1ED /* TimelineTimeMarkerSupplementaryView.swift */,
				74B8DC9D1CCE0B9800B9E1ED /* TimelineTrackDecorationView.swift */,
				74B8DC9F1CCE0C1400B9E1ED /* TimelineTrackHeaderSupplementaryView.swift */,
				745521BC1CCFFECD0041C072 /* AssetCollectionViewCell.swift */,
				740CA6AD1D0098D200DF0102 /* CameraControlsView.swift */,
			);
			path = View;
			sourceTree = "<group>";
		};
		74B8DC8F1CCD69FD00B9E1ED /* LayoutAttributes */ = {
			isa = PBXGroup;
			children = (
				74B8DC901CCD6A1100B9E1ED /* TimelineCollectionViewLayoutAttributes.swift */,
			);
			path = LayoutAttributes;
			sourceTree = "<group>";
		};
		74B8DC971CCE090100B9E1ED /* Types */ = {
			isa = PBXGroup;
			children = (
				74B8DC9A1CCE0B4F00B9E1ED /* Frozen */,
				74B8DC981CCE090900B9E1ED /* Frozen.swift */,
				745521B81CCFEA900041C072 /* Signal.swift */,
				745521BA1CCFEB160041C072 /* Slot.swift */,
				741CEC5A1D0A2E99008CDA50 /* Optional+Unwrap.swift */,
			);
			path = Types;
			sourceTree = "<group>";
		};
		74B8DC9A1CCE0B4F00B9E1ED /* Frozen */ = {
			isa = PBXGroup;
			children = (
				74B8DC9B1CCE0B5700B9E1ED /* CollectionType.swift */,
			);
			path = Frozen;
			sourceTree = "<group>";
		};
		74D638DA1C4D941F00175740 = {
			isa = PBXGroup;
			children = (
				74D638E51C4D941F00175740 /* Silkscreen */,
				74D638E41C4D941F00175740 /* Products */,
				32BDDBE454DF2BAF383C98E8 /* Pods */,
				AFB589BB3C76EAA9AA89FEDA /* Frameworks */,
			);
			sourceTree = "<group>";
		};
		74D638E41C4D941F00175740 /* Products */ = {
			isa = PBXGroup;
			children = (
				74D638E31C4D941F00175740 /* Silkscreen.app */,
			);
			name = Products;
			sourceTree = "<group>";
		};
		74D638E51C4D941F00175740 /* Silkscreen */ = {
			isa = PBXGroup;
			children = (
				74B8B39C1D22C81C004F54F2 /* Extensions */,
				74477BB31D1B1D8D0038E058 /* Cells */,
				741119441CFF97FC009B56CF /* Transitions */,
				7433DBE51CF8F40800529931 /* RenderEngine */,
				74EBF2991CD3C7E30094F1DF /* AssetSource */,
				74461E9C1CD1E6F70043A86F /* PresentationControllers */,
				74461E961CD1E5070043A86F /* VendorExtensions */,
				74B8DC971CCE090100B9E1ED /* Types */,
				74B8DC8A1CCBF69100B9E1ED /* View */,
				74B8DC871CCBF31600B9E1ED /* Layout */,
				74B4FACE1CCAA54500AE26EC /* Models */,
				74B4FACF1CCAA54500AE26EC /* ViewModels */,
				74B4FACB1CCAA52D00AE26EC /* ViewControllers */,
				74D638E61C4D941F00175740 /* AppDelegate.swift */,
				74D638ED1C4D941F00175740 /* Assets.xcassets */,
				74D638EF1C4D941F00175740 /* LaunchScreen.storyboard */,
				74D638F21C4D941F00175740 /* Info.plist */,
			);
			path = Silkscreen;
			sourceTree = "<group>";
		};
		74EBF2991CD3C7E30094F1DF /* AssetSource */ = {
			isa = PBXGroup;
			children = (
				74EBF29A1CD3C7EF0094F1DF /* AssetImportSource.swift */,
				74EBF29C1CD3C85D0094F1DF /* PhotoLibraryAssetImportSource.swift */,
			);
			path = AssetSource;
			sourceTree = "<group>";
		};
		AFB589BB3C76EAA9AA89FEDA /* Frameworks */ = {
			isa = PBXGroup;
			children = (
				EA4CCEFEE09CCEF34BB1398C /* Pods_Silkscreen.framework */,
			);
			name = Frameworks;
			sourceTree = "<group>";
		};
/* End PBXGroup section */

/* Begin PBXNativeTarget section */
		74D638E21C4D941F00175740 /* Silkscreen */ = {
			isa = PBXNativeTarget;
			buildConfigurationList = 74D638F51C4D941F00175740 /* Build configuration list for PBXNativeTarget "Silkscreen" */;
			buildPhases = (
				6B411C4719427972092E6741 /* 📦 Check Pods Manifest.lock */,
				74D638DF1C4D941F00175740 /* Sources */,
				74D638E01C4D941F00175740 /* Frameworks */,
				74D638E11C4D941F00175740 /* Resources */,
				21E3B5A61B17A937912EA4F7 /* 📦 Embed Pods Frameworks */,
				CFB07DDE4549E5E91B20FB80 /* 📦 Copy Pods Resources */,
				2E303D6DE30638BB6E1F98CE /* Embed Pods Frameworks */,
			);
			buildRules = (
			);
			dependencies = (
			);
			name = Silkscreen;
			productName = Silkscreen;
			productReference = 74D638E31C4D941F00175740 /* Silkscreen.app */;
			productType = "com.apple.product-type.application";
		};
/* End PBXNativeTarget section */

/* Begin PBXProject section */
		74D638DB1C4D941F00175740 /* Project object */ = {
			isa = PBXProject;
			attributes = {
				LastSwiftUpdateCheck = 0720;
				LastUpgradeCheck = 0720;
				ORGANIZATIONNAME = SK;
				TargetAttributes = {
					74D638E21C4D941F00175740 = {
						CreatedOnToolsVersion = 7.2;
						DevelopmentTeam = F7GK735YXN;
					};
				};
			};
			buildConfigurationList = 74D638DE1C4D941F00175740 /* Build configuration list for PBXProject "Silkscreen" */;
			compatibilityVersion = "Xcode 3.2";
			developmentRegion = English;
			hasScannedForEncodings = 0;
			knownRegions = (
				en,
				Base,
			);
			mainGroup = 74D638DA1C4D941F00175740;
			productRefGroup = 74D638E41C4D941F00175740 /* Products */;
			projectDirPath = "";
			projectRoot = "";
			targets = (
				74D638E21C4D941F00175740 /* Silkscreen */,
			);
		};
/* End PBXProject section */

/* Begin PBXResourcesBuildPhase section */
		74D638E11C4D941F00175740 /* Resources */ = {
			isa = PBXResourcesBuildPhase;
			buildActionMask = 2147483647;
			files = (
				74D638F11C4D941F00175740 /* LaunchScreen.storyboard in Resources */,
				74D638EE1C4D941F00175740 /* Assets.xcassets in Resources */,
			);
			runOnlyForDeploymentPostprocessing = 0;
		};
/* End PBXResourcesBuildPhase section */

/* Begin PBXShellScriptBuildPhase section */
		21E3B5A61B17A937912EA4F7 /* 📦 Embed Pods Frameworks */ = {
			isa = PBXShellScriptBuildPhase;
			buildActionMask = 2147483647;
			files = (
			);
			inputPaths = (
			);
			name = "📦 Embed Pods Frameworks";
			outputPaths = (
			);
			runOnlyForDeploymentPostprocessing = 0;
			shellPath = /bin/sh;
			shellScript = "\"${SRCROOT}/Pods/Target Support Files/Pods-Silkscreen/Pods-Silkscreen-frameworks.sh\"\n";
			showEnvVarsInLog = 0;
		};
		2E303D6DE30638BB6E1F98CE /* Embed Pods Frameworks */ = {
			isa = PBXShellScriptBuildPhase;
			buildActionMask = 2147483647;
			files = (
			);
			inputPaths = (
			);
			name = "Embed Pods Frameworks";
			outputPaths = (
			);
			runOnlyForDeploymentPostprocessing = 0;
			shellPath = /bin/sh;
			shellScript = "\"${SRCROOT}/Pods/Target Support Files/Pods-Silkscreen/Pods-Silkscreen-frameworks.sh\"\n";
			showEnvVarsInLog = 0;
		};
		6B411C4719427972092E6741 /* 📦 Check Pods Manifest.lock */ = {
			isa = PBXShellScriptBuildPhase;
			buildActionMask = 2147483647;
			files = (
			);
			inputPaths = (
			);
			name = "📦 Check Pods Manifest.lock";
			outputPaths = (
			);
			runOnlyForDeploymentPostprocessing = 0;
			shellPath = /bin/sh;
			shellScript = "diff \"${PODS_ROOT}/../Podfile.lock\" \"${PODS_ROOT}/Manifest.lock\" > /dev/null\nif [[ $? != 0 ]] ; then\n    cat << EOM\nerror: The sandbox is not in sync with the Podfile.lock. Run 'pod install' or update your CocoaPods installation.\nEOM\n    exit 1\nfi\n";
			showEnvVarsInLog = 0;
		};
		CFB07DDE4549E5E91B20FB80 /* 📦 Copy Pods Resources */ = {
			isa = PBXShellScriptBuildPhase;
			buildActionMask = 2147483647;
			files = (
			);
			inputPaths = (
			);
			name = "📦 Copy Pods Resources";
			outputPaths = (
			);
			runOnlyForDeploymentPostprocessing = 0;
			shellPath = /bin/sh;
			shellScript = "\"${SRCROOT}/Pods/Target Support Files/Pods-Silkscreen/Pods-Silkscreen-resources.sh\"\n";
			showEnvVarsInLog = 0;
		};
/* End PBXShellScriptBuildPhase section */

/* Begin PBXSourcesBuildPhase section */
		74D638DF1C4D941F00175740 /* Sources */ = {
			isa = PBXSourcesBuildPhase;
			buildActionMask = 2147483647;
			files = (
				74B8B3A91D22D7D2004F54F2 /* AssetGroupsToAssetGroupCollectionViewTransitionLayout.swift in Sources */,
				74B4FACD1CCAA52D00AE26EC /* DividableViewController.swift in Sources */,
				745521B91CCFEA900041C072 /* Signal.swift in Sources */,
				74B8B3A71D22CB32004F54F2 /* UIViewControllerContextTransitioning+addViewForNextViewControllerIfNeeded.swift in Sources */,
				74B8DC891CCBF32D00B9E1ED /* TimelineCollectionViewLayout.swift in Sources */,
				745521B71CCFE9D20041C072 /* Asset.swift in Sources */,
				74B8DC911CCD6A1100B9E1ED /* TimelineCollectionViewLayoutAttributes.swift in Sources */,
				74565E591CFA1460005AC140 /* Node.swift in Sources */,
				74EBF29D1CD3C85D0094F1DF /* PhotoLibraryAssetImportSource.swift in Sources */,
				74B8DC8C1CCBF6A200B9E1ED /* TimelineHeaderDecorationView.swift in Sources */,
				74C815DF1CCEAB1A007B285D /* InspectorViewController.swift in Sources */,
				74B8DC9C1CCE0B5700B9E1ED /* CollectionType.swift in Sources */,
				74B8DC8E1CCD593600B9E1ED /* TimelineTimeMarkerSupplementaryView.swift in Sources */,
				74F57E4D1D22761C00219535 /* AssetGroupViewController.swift in Sources */,
				74EBF29B1CD3C7EF0094F1DF /* AssetImportSource.swift in Sources */,
				74B8DC931CCD712100B9E1ED /* EditorContext.swift in Sources */,
				74B8DC991CCE090900B9E1ED /* Frozen.swift in Sources */,
				74D638E71C4D941F00175740 /* AppDelegate.swift in Sources */,
				7433DBE41CF8F1B500529931 /* Platform.swift in Sources */,
				74565E631CFBA910005AC140 /* DevicePickerViewModel.swift in Sources */,
				74461E9B1CD1E6360043A86F /* AddAssetViewController.swift in Sources */,
				74EBF2A41CD3D8750094F1DF /* CameraViewController.swift in Sources */,
				740CA6AE1D0098D200DF0102 /* CameraControlsView.swift in Sources */,
				74B4FAD11CCAA55600AE26EC /* TimelineViewController.swift in Sources */,
				74477BB51D1B1DBF0038E058 /* AssetGroupCollectionViewCell.swift in Sources */,
				74461E991CD1E5230043A86F /* DragonCore.swift in Sources */,
				741CEC5B1D0A2E99008CDA50 /* Optional+Unwrap.swift in Sources */,
				74B8DC791CCAD72800B9E1ED /* AssetsViewController.swift in Sources */,
				74C815DD1CCEA924007B285D /* UtilitesViewController.swift in Sources */,
				74EBF2981CD3BEFF0094F1DF /* AssetSourceViewController.swift in Sources */,
				745521BD1CCFFECD0041C072 /* AssetCollectionViewCell.swift in Sources */,
				74B8B3A21D22C964004F54F2 /* UIViewControllerContextTransitioning+isPresenting.swift in Sources */,
				741119461CFF9818009B56CF /* SlideInAnimatedTransition.swift in Sources */,
				74F57E4B1D21D64E00219535 /* AssetGroupsCollectionViewLayout.swift in Sources */,
				74B8DC951CCE083400B9E1ED /* Track.swift in Sources */,
				74565E611CFBA3A7005AC140 /* DevicePickerViewController.swift in Sources */,
				74B8DC771CCAB1A900B9E1ED /* EditorViewController.swift in Sources */,
				74EBF29F1CD3CB4B0094F1DF /* AssetGroupsViewController.swift in Sources */,
				74461E9E1CD1E7160043A86F /* BlurredSheetPresentationController.swift in Sources */,
				74B8DC7B1CCAD74400B9E1ED /* PreviewViewController.swift in Sources */,
				74565E5B1CFA14CE005AC140 /* CameraNode.swift in Sources */,
				74B8DCA01CCE0C1400B9E1ED /* TimelineTrackHeaderSupplementaryView.swift in Sources */,
				74B8DC9E1CCE0B9900B9E1ED /* TimelineTrackDecorationView.swift in Sources */,
				745521BB1CCFEB160041C072 /* Slot.swift in Sources */,
				745521BF1CD00BEC0041C072 /* Project.swift in Sources */,
			);
			runOnlyForDeploymentPostprocessing = 0;
		};
/* End PBXSourcesBuildPhase section */

/* Begin PBXVariantGroup section */
		74D638EF1C4D941F00175740 /* LaunchScreen.storyboard */ = {
			isa = PBXVariantGroup;
			children = (
				74D638F01C4D941F00175740 /* Base */,
			);
			name = LaunchScreen.storyboard;
			sourceTree = "<group>";
		};
/* End PBXVariantGroup section */

/* Begin XCBuildConfiguration section */
		74D638F31C4D941F00175740 /* Debug */ = {
			isa = XCBuildConfiguration;
			buildSettings = {
				ALWAYS_SEARCH_USER_PATHS = NO;
				CLANG_CXX_LANGUAGE_STANDARD = "gnu++0x";
				CLANG_CXX_LIBRARY = "libc++";
				CLANG_ENABLE_MODULES = YES;
				CLANG_ENABLE_OBJC_ARC = YES;
				CLANG_WARN_BOOL_CONVERSION = YES;
				CLANG_WARN_CONSTANT_CONVERSION = YES;
				CLANG_WARN_DIRECT_OBJC_ISA_USAGE = YES_ERROR;
				CLANG_WARN_EMPTY_BODY = YES;
				CLANG_WARN_ENUM_CONVERSION = YES;
				CLANG_WARN_INT_CONVERSION = YES;
				CLANG_WARN_OBJC_ROOT_CLASS = YES_ERROR;
				CLANG_WARN_UNREACHABLE_CODE = YES;
				CLANG_WARN__DUPLICATE_METHOD_MATCH = YES;
				"CODE_SIGN_IDENTITY[sdk=iphoneos*]" = "iPhone Developer";
				COPY_PHASE_STRIP = NO;
				DEBUG_INFORMATION_FORMAT = dwarf;
				ENABLE_STRICT_OBJC_MSGSEND = YES;
				ENABLE_TESTABILITY = YES;
				GCC_C_LANGUAGE_STANDARD = gnu99;
				GCC_DYNAMIC_NO_PIC = NO;
				GCC_NO_COMMON_BLOCKS = YES;
				GCC_OPTIMIZATION_LEVEL = 0;
				GCC_PREPROCESSOR_DEFINITIONS = (
					"DEBUG=1",
					"$(inherited)",
				);
				GCC_WARN_64_TO_32_BIT_CONVERSION = YES;
				GCC_WARN_ABOUT_RETURN_TYPE = YES_ERROR;
				GCC_WARN_UNDECLARED_SELECTOR = YES;
				GCC_WARN_UNINITIALIZED_AUTOS = YES_AGGRESSIVE;
				GCC_WARN_UNUSED_FUNCTION = YES;
				GCC_WARN_UNUSED_VARIABLE = YES;
				IPHONEOS_DEPLOYMENT_TARGET = 9.2;
				MTL_ENABLE_DEBUG_INFO = YES;
				ONLY_ACTIVE_ARCH = YES;
				SDKROOT = iphoneos;
				SWIFT_OPTIMIZATION_LEVEL = "-Onone";
				TARGETED_DEVICE_FAMILY = "1,2";
			};
			name = Debug;
		};
		74D638F41C4D941F00175740 /* Release */ = {
			isa = XCBuildConfiguration;
			buildSettings = {
				ALWAYS_SEARCH_USER_PATHS = NO;
				CLANG_CXX_LANGUAGE_STANDARD = "gnu++0x";
				CLANG_CXX_LIBRARY = "libc++";
				CLANG_ENABLE_MODULES = YES;
				CLANG_ENABLE_OBJC_ARC = YES;
				CLANG_WARN_BOOL_CONVERSION = YES;
				CLANG_WARN_CONSTANT_CONVERSION = YES;
				CLANG_WARN_DIRECT_OBJC_ISA_USAGE = YES_ERROR;
				CLANG_WARN_EMPTY_BODY = YES;
				CLANG_WARN_ENUM_CONVERSION = YES;
				CLANG_WARN_INT_CONVERSION = YES;
				CLANG_WARN_OBJC_ROOT_CLASS = YES_ERROR;
				CLANG_WARN_UNREACHABLE_CODE = YES;
				CLANG_WARN__DUPLICATE_METHOD_MATCH = YES;
				"CODE_SIGN_IDENTITY[sdk=iphoneos*]" = "iPhone Developer";
				COPY_PHASE_STRIP = NO;
				DEBUG_INFORMATION_FORMAT = "dwarf-with-dsym";
				ENABLE_NS_ASSERTIONS = NO;
				ENABLE_STRICT_OBJC_MSGSEND = YES;
				GCC_C_LANGUAGE_STANDARD = gnu99;
				GCC_NO_COMMON_BLOCKS = YES;
				GCC_WARN_64_TO_32_BIT_CONVERSION = YES;
				GCC_WARN_ABOUT_RETURN_TYPE = YES_ERROR;
				GCC_WARN_UNDECLARED_SELECTOR = YES;
				GCC_WARN_UNINITIALIZED_AUTOS = YES_AGGRESSIVE;
				GCC_WARN_UNUSED_FUNCTION = YES;
				GCC_WARN_UNUSED_VARIABLE = YES;
				IPHONEOS_DEPLOYMENT_TARGET = 9.2;
				MTL_ENABLE_DEBUG_INFO = NO;
				SDKROOT = iphoneos;
				TARGETED_DEVICE_FAMILY = "1,2";
				VALIDATE_PRODUCT = YES;
			};
			name = Release;
		};
		74D638F61C4D941F00175740 /* Debug */ = {
			isa = XCBuildConfiguration;
			baseConfigurationReference = 20A0F24F2E770C6631C00547 /* Pods-Silkscreen.debug.xcconfig */;
			buildSettings = {
				ASSETCATALOG_COMPILER_APPICON_NAME = AppIcon;
				CODE_SIGN_IDENTITY = "iPhone Developer";
				INFOPLIST_FILE = Silkscreen/Info.plist;
				IPHONEOS_DEPLOYMENT_TARGET = 9.0;
				LD_RUNPATH_SEARCH_PATHS = "$(inherited) @executable_path/Frameworks";
				PRODUCT_BUNDLE_IDENTIFIER = "com.forever-beta.sup";
				PRODUCT_NAME = "$(TARGET_NAME)";
			};
			name = Debug;
		};
		74D638F71C4D941F00175740 /* Release */ = {
			isa = XCBuildConfiguration;
			baseConfigurationReference = BDB10776F2BDA8969D5D10C2 /* Pods-Silkscreen.release.xcconfig */;
			buildSettings = {
				ASSETCATALOG_COMPILER_APPICON_NAME = AppIcon;
				CODE_SIGN_IDENTITY = "iPhone Developer";
				INFOPLIST_FILE = Silkscreen/Info.plist;
				IPHONEOS_DEPLOYMENT_TARGET = 9.0;
				LD_RUNPATH_SEARCH_PATHS = "$(inherited) @executable_path/Frameworks";
				PRODUCT_BUNDLE_IDENTIFIER = "com.forever-beta.sup";
				PRODUCT_NAME = "$(TARGET_NAME)";
			};
			name = Release;
		};
/* End XCBuildConfiguration section */

/* Begin XCConfigurationList section */
		74D638DE1C4D941F00175740 /* Build configuration list for PBXProject "Silkscreen" */ = {
			isa = XCConfigurationList;
			buildConfigurations = (
				74D638F31C4D941F00175740 /* Debug */,
				74D638F41C4D941F00175740 /* Release */,
			);
			defaultConfigurationIsVisible = 0;
			defaultConfigurationName = Release;
		};
		74D638F51C4D941F00175740 /* Build configuration list for PBXNativeTarget "Silkscreen" */ = {
			isa = XCConfigurationList;
			buildConfigurations = (
				74D638F61C4D941F00175740 /* Debug */,
				74D638F71C4D941F00175740 /* Release */,
			);
			defaultConfigurationIsVisible = 0;
			defaultConfigurationName = Release;
		};
/* End XCConfigurationList section */
	};
	rootObject = 74D638DB1C4D941F00175740 /* Project object */;
}
