// !$*UTF8*$!
{
	archiveVersion = 1;
	classes = {
	};
	objectVersion = 46;
	objects = {

/* Begin PBXBuildFile section */
		74B4FACD1CCAA52D00AE26EC /* DividableViewController.swift in Sources */ = {isa = PBXBuildFile; fileRef = 74B4FACC1CCAA52D00AE26EC /* DividableViewController.swift */; };
		74B4FAD11CCAA55600AE26EC /* TimelineViewController.swift in Sources */ = {isa = PBXBuildFile; fileRef = 74B4FAD01CCAA55600AE26EC /* TimelineViewController.swift */; };
		74B8DC771CCAB1A900B9E1ED /* EditorViewController.swift in Sources */ = {isa = PBXBuildFile; fileRef = 74B8DC761CCAB1A900B9E1ED /* EditorViewController.swift */; };
		74B8DC791CCAD72800B9E1ED /* AssetsViewController.swift in Sources */ = {isa = PBXBuildFile; fileRef = 74B8DC781CCAD72800B9E1ED /* AssetsViewController.swift */; };
		74B8DC7B1CCAD74400B9E1ED /* PreviewViewController.swift in Sources */ = {isa = PBXBuildFile; fileRef = 74B8DC7A1CCAD74400B9E1ED /* PreviewViewController.swift */; };
		74B8DC891CCBF32D00B9E1ED /* TimelineCollectionViewLayout.swift in Sources */ = {isa = PBXBuildFile; fileRef = 74B8DC881CCBF32D00B9E1ED /* TimelineCollectionViewLayout.swift */; };
		74B8DC8C1CCBF6A200B9E1ED /* TimelineHeaderDecorationView.swift in Sources */ = {isa = PBXBuildFile; fileRef = 74B8DC8B1CCBF6A200B9E1ED /* TimelineHeaderDecorationView.swift */; };
		74B8DC8E1CCD593600B9E1ED /* TimelineTimeMarkerSupplementaryView.swift in Sources */ = {isa = PBXBuildFile; fileRef = 74B8DC8D1CCD593600B9E1ED /* TimelineTimeMarkerSupplementaryView.swift */; };
		74B8DC911CCD6A1100B9E1ED /* TimelineCollectionViewLayoutAttributes.swift in Sources */ = {isa = PBXBuildFile; fileRef = 74B8DC901CCD6A1100B9E1ED /* TimelineCollectionViewLayoutAttributes.swift */; };
		74B8DC931CCD712100B9E1ED /* EditorContext.swift in Sources */ = {isa = PBXBuildFile; fileRef = 74B8DC921CCD712100B9E1ED /* EditorContext.swift */; };
		74B8DC951CCE083400B9E1ED /* Track.swift in Sources */ = {isa = PBXBuildFile; fileRef = 74B8DC941CCE083400B9E1ED /* Track.swift */; };
		74B8DC991CCE090900B9E1ED /* Frozen.swift in Sources */ = {isa = PBXBuildFile; fileRef = 74B8DC981CCE090900B9E1ED /* Frozen.swift */; };
		74B8DC9C1CCE0B5700B9E1ED /* CollectionType.swift in Sources */ = {isa = PBXBuildFile; fileRef = 74B8DC9B1CCE0B5700B9E1ED /* CollectionType.swift */; };
		74B8DC9E1CCE0B9900B9E1ED /* TimelineTrackDecorationView.swift in Sources */ = {isa = PBXBuildFile; fileRef = 74B8DC9D1CCE0B9800B9E1ED /* TimelineTrackDecorationView.swift */; };
		74B8DCA01CCE0C1400B9E1ED /* TimelineTrackHeaderSupplementaryView.swift in Sources */ = {isa = PBXBuildFile; fileRef = 74B8DC9F1CCE0C1400B9E1ED /* TimelineTrackHeaderSupplementaryView.swift */; };
		74C815DD1CCEA924007B285D /* UtilitesViewController.swift in Sources */ = {isa = PBXBuildFile; fileRef = 74C815DC1CCEA924007B285D /* UtilitesViewController.swift */; };
		74D638E71C4D941F00175740 /* AppDelegate.swift in Sources */ = {isa = PBXBuildFile; fileRef = 74D638E61C4D941F00175740 /* AppDelegate.swift */; };
		74D638EE1C4D941F00175740 /* Assets.xcassets in Resources */ = {isa = PBXBuildFile; fileRef = 74D638ED1C4D941F00175740 /* Assets.xcassets */; };
		74D638F11C4D941F00175740 /* LaunchScreen.storyboard in Resources */ = {isa = PBXBuildFile; fileRef = 74D638EF1C4D941F00175740 /* LaunchScreen.storyboard */; };
/* End PBXBuildFile section */

/* Begin PBXFileReference section */
		74B4FACC1CCAA52D00AE26EC /* DividableViewController.swift */ = {isa = PBXFileReference; fileEncoding = 4; lastKnownFileType = sourcecode.swift; path = DividableViewController.swift; sourceTree = "<group>"; };
		74B4FAD01CCAA55600AE26EC /* TimelineViewController.swift */ = {isa = PBXFileReference; fileEncoding = 4; lastKnownFileType = sourcecode.swift; path = TimelineViewController.swift; sourceTree = "<group>"; };
		74B8DC761CCAB1A900B9E1ED /* EditorViewController.swift */ = {isa = PBXFileReference; fileEncoding = 4; lastKnownFileType = sourcecode.swift; path = EditorViewController.swift; sourceTree = "<group>"; };
		74B8DC781CCAD72800B9E1ED /* AssetsViewController.swift */ = {isa = PBXFileReference; fileEncoding = 4; lastKnownFileType = sourcecode.swift; path = AssetsViewController.swift; sourceTree = "<group>"; };
		74B8DC7A1CCAD74400B9E1ED /* PreviewViewController.swift */ = {isa = PBXFileReference; fileEncoding = 4; lastKnownFileType = sourcecode.swift; path = PreviewViewController.swift; sourceTree = "<group>"; };
		74B8DC881CCBF32D00B9E1ED /* TimelineCollectionViewLayout.swift */ = {isa = PBXFileReference; fileEncoding = 4; lastKnownFileType = sourcecode.swift; path = TimelineCollectionViewLayout.swift; sourceTree = "<group>"; };
		74B8DC8B1CCBF6A200B9E1ED /* TimelineHeaderDecorationView.swift */ = {isa = PBXFileReference; fileEncoding = 4; lastKnownFileType = sourcecode.swift; path = TimelineHeaderDecorationView.swift; sourceTree = "<group>"; };
		74B8DC8D1CCD593600B9E1ED /* TimelineTimeMarkerSupplementaryView.swift */ = {isa = PBXFileReference; fileEncoding = 4; lastKnownFileType = sourcecode.swift; path = TimelineTimeMarkerSupplementaryView.swift; sourceTree = "<group>"; };
		74B8DC901CCD6A1100B9E1ED /* TimelineCollectionViewLayoutAttributes.swift */ = {isa = PBXFileReference; fileEncoding = 4; lastKnownFileType = sourcecode.swift; path = TimelineCollectionViewLayoutAttributes.swift; sourceTree = "<group>"; };
		74B8DC921CCD712100B9E1ED /* EditorContext.swift */ = {isa = PBXFileReference; fileEncoding = 4; lastKnownFileType = sourcecode.swift; path = EditorContext.swift; sourceTree = "<group>"; };
		74B8DC941CCE083400B9E1ED /* Track.swift */ = {isa = PBXFileReference; fileEncoding = 4; lastKnownFileType = sourcecode.swift; path = Track.swift; sourceTree = "<group>"; };
		74B8DC981CCE090900B9E1ED /* Frozen.swift */ = {isa = PBXFileReference; fileEncoding = 4; lastKnownFileType = sourcecode.swift; path = Frozen.swift; sourceTree = "<group>"; };
		74B8DC9B1CCE0B5700B9E1ED /* CollectionType.swift */ = {isa = PBXFileReference; fileEncoding = 4; lastKnownFileType = sourcecode.swift; path = CollectionType.swift; sourceTree = "<group>"; };
		74B8DC9D1CCE0B9800B9E1ED /* TimelineTrackDecorationView.swift */ = {isa = PBXFileReference; fileEncoding = 4; lastKnownFileType = sourcecode.swift; path = TimelineTrackDecorationView.swift; sourceTree = "<group>"; };
		74B8DC9F1CCE0C1400B9E1ED /* TimelineTrackHeaderSupplementaryView.swift */ = {isa = PBXFileReference; fileEncoding = 4; lastKnownFileType = sourcecode.swift; path = TimelineTrackHeaderSupplementaryView.swift; sourceTree = "<group>"; };
		74C815DC1CCEA924007B285D /* UtilitesViewController.swift */ = {isa = PBXFileReference; fileEncoding = 4; lastKnownFileType = sourcecode.swift; path = UtilitesViewController.swift; sourceTree = "<group>"; };
		74D638E31C4D941F00175740 /* Silkscreen.app */ = {isa = PBXFileReference; explicitFileType = wrapper.application; includeInIndex = 0; path = Silkscreen.app; sourceTree = BUILT_PRODUCTS_DIR; };
		74D638E61C4D941F00175740 /* AppDelegate.swift */ = {isa = PBXFileReference; lastKnownFileType = sourcecode.swift; path = AppDelegate.swift; sourceTree = "<group>"; };
		74D638ED1C4D941F00175740 /* Assets.xcassets */ = {isa = PBXFileReference; lastKnownFileType = folder.assetcatalog; path = Assets.xcassets; sourceTree = "<group>"; };
		74D638F01C4D941F00175740 /* Base */ = {isa = PBXFileReference; lastKnownFileType = file.storyboard; name = Base; path = Base.lproj/LaunchScreen.storyboard; sourceTree = "<group>"; };
		74D638F21C4D941F00175740 /* Info.plist */ = {isa = PBXFileReference; lastKnownFileType = text.plist.xml; path = Info.plist; sourceTree = "<group>"; };
/* End PBXFileReference section */

/* Begin PBXFrameworksBuildPhase section */
		74D638E01C4D941F00175740 /* Frameworks */ = {
			isa = PBXFrameworksBuildPhase;
			buildActionMask = 2147483647;
			files = (
			);
			runOnlyForDeploymentPostprocessing = 0;
		};
/* End PBXFrameworksBuildPhase section */

/* Begin PBXGroup section */
		74B4FACB1CCAA52D00AE26EC /* ViewControllers */ = {
			isa = PBXGroup;
			children = (
				74B4FACC1CCAA52D00AE26EC /* DividableViewController.swift */,
				74B4FAD01CCAA55600AE26EC /* TimelineViewController.swift */,
				74B8DC761CCAB1A900B9E1ED /* EditorViewController.swift */,
				74B8DC781CCAD72800B9E1ED /* AssetsViewController.swift */,
				74B8DC7A1CCAD74400B9E1ED /* PreviewViewController.swift */,
				74C815DC1CCEA924007B285D /* UtilitesViewController.swift */,
			);
			path = ViewControllers;
			sourceTree = "<group>";
		};
		74B4FACE1CCAA54500AE26EC /* Models */ = {
			isa = PBXGroup;
			children = (
				74B8DC921CCD712100B9E1ED /* EditorContext.swift */,
				74B8DC941CCE083400B9E1ED /* Track.swift */,
			);
			path = Models;
			sourceTree = "<group>";
		};
		74B4FACF1CCAA54500AE26EC /* ViewModels */ = {
			isa = PBXGroup;
			children = (
			);
			path = ViewModels;
			sourceTree = "<group>";
		};
		74B8DC871CCBF31600B9E1ED /* Layout */ = {
			isa = PBXGroup;
			children = (
				74B8DC8F1CCD69FD00B9E1ED /* LayoutAttributes */,
				74B8DC881CCBF32D00B9E1ED /* TimelineCollectionViewLayout.swift */,
			);
			path = Layout;
			sourceTree = "<group>";
		};
		74B8DC8A1CCBF69100B9E1ED /* View */ = {
			isa = PBXGroup;
			children = (
				74B8DC8B1CCBF6A200B9E1ED /* TimelineHeaderDecorationView.swift */,
				74B8DC8D1CCD593600B9E1ED /* TimelineTimeMarkerSupplementaryView.swift */,
				74B8DC9D1CCE0B9800B9E1ED /* TimelineTrackDecorationView.swift */,
				74B8DC9F1CCE0C1400B9E1ED /* TimelineTrackHeaderSupplementaryView.swift */,
			);
			path = View;
			sourceTree = "<group>";
		};
		74B8DC8F1CCD69FD00B9E1ED /* LayoutAttributes */ = {
			isa = PBXGroup;
			children = (
				74B8DC901CCD6A1100B9E1ED /* TimelineCollectionViewLayoutAttributes.swift */,
			);
			path = LayoutAttributes;
			sourceTree = "<group>";
		};
		74B8DC971CCE090100B9E1ED /* Types */ = {
			isa = PBXGroup;
			children = (
				74B8DC9A1CCE0B4F00B9E1ED /* Frozen */,
				74B8DC981CCE090900B9E1ED /* Frozen.swift */,
			);
			path = Types;
			sourceTree = "<group>";
		};
		74B8DC9A1CCE0B4F00B9E1ED /* Frozen */ = {
			isa = PBXGroup;
			children = (
				74B8DC9B1CCE0B5700B9E1ED /* CollectionType.swift */,
			);
			path = Frozen;
			sourceTree = "<group>";
		};
		74D638DA1C4D941F00175740 = {
			isa = PBXGroup;
			children = (
				74D638E51C4D941F00175740 /* Silkscreen */,
				74D638E41C4D941F00175740 /* Products */,
			);
			sourceTree = "<group>";
		};
		74D638E41C4D941F00175740 /* Products */ = {
			isa = PBXGroup;
			children = (
				74D638E31C4D941F00175740 /* Silkscreen.app */,
			);
			name = Products;
			sourceTree = "<group>";
		};
		74D638E51C4D941F00175740 /* Silkscreen */ = {
			isa = PBXGroup;
			children = (
				74B8DC971CCE090100B9E1ED /* Types */,
				74B8DC8A1CCBF69100B9E1ED /* View */,
				74B8DC871CCBF31600B9E1ED /* Layout */,
				74B4FACE1CCAA54500AE26EC /* Models */,
				74B4FACF1CCAA54500AE26EC /* ViewModels */,
				74B4FACB1CCAA52D00AE26EC /* ViewControllers */,
				74D638E61C4D941F00175740 /* AppDelegate.swift */,
				74D638ED1C4D941F00175740 /* Assets.xcassets */,
				74D638EF1C4D941F00175740 /* LaunchScreen.storyboard */,
				74D638F21C4D941F00175740 /* Info.plist */,
			);
			path = Silkscreen;
			sourceTree = "<group>";
		};
/* End PBXGroup section */

/* Begin PBXNativeTarget section */
		74D638E21C4D941F00175740 /* Silkscreen */ = {
			isa = PBXNativeTarget;
			buildConfigurationList = 74D638F51C4D941F00175740 /* Build configuration list for PBXNativeTarget "Silkscreen" */;
			buildPhases = (
				74D638DF1C4D941F00175740 /* Sources */,
				74D638E01C4D941F00175740 /* Frameworks */,
				74D638E11C4D941F00175740 /* Resources */,
			);
			buildRules = (
			);
			dependencies = (
			);
			name = Silkscreen;
			productName = Silkscreen;
			productReference = 74D638E31C4D941F00175740 /* Silkscreen.app */;
			productType = "com.apple.product-type.application";
		};
/* End PBXNativeTarget section */

/* Begin PBXProject section */
		74D638DB1C4D941F00175740 /* Project object */ = {
			isa = PBXProject;
			attributes = {
				LastSwiftUpdateCheck = 0720;
				LastUpgradeCheck = 0720;
				ORGANIZATIONNAME = SK;
				TargetAttributes = {
					74D638E21C4D941F00175740 = {
						CreatedOnToolsVersion = 7.2;
					};
				};
			};
			buildConfigurationList = 74D638DE1C4D941F00175740 /* Build configuration list for PBXProject "Silkscreen" */;
			compatibilityVersion = "Xcode 3.2";
			developmentRegion = English;
			hasScannedForEncodings = 0;
			knownRegions = (
				en,
				Base,
			);
			mainGroup = 74D638DA1C4D941F00175740;
			productRefGroup = 74D638E41C4D941F00175740 /* Products */;
			projectDirPath = "";
			projectRoot = "";
			targets = (
				74D638E21C4D941F00175740 /* Silkscreen */,
			);
		};
/* End PBXProject section */

/* Begin PBXResourcesBuildPhase section */
		74D638E11C4D941F00175740 /* Resources */ = {
			isa = PBXResourcesBuildPhase;
			buildActionMask = 2147483647;
			files = (
				74D638F11C4D941F00175740 /* LaunchScreen.storyboard in Resources */,
				74D638EE1C4D941F00175740 /* Assets.xcassets in Resources */,
			);
			runOnlyForDeploymentPostprocessing = 0;
		};
/* End PBXResourcesBuildPhase section */

/* Begin PBXSourcesBuildPhase section */
		74D638DF1C4D941F00175740 /* Sources */ = {
			isa = PBXSourcesBuildPhase;
			buildActionMask = 2147483647;
			files = (
				74B4FACD1CCAA52D00AE26EC /* DividableViewController.swift in Sources */,
				74B8DC891CCBF32D00B9E1ED /* TimelineCollectionViewLayout.swift in Sources */,
				74B8DC911CCD6A1100B9E1ED /* TimelineCollectionViewLayoutAttributes.swift in Sources */,
				74B8DC8C1CCBF6A200B9E1ED /* TimelineHeaderDecorationView.swift in Sources */,
				74B8DC9C1CCE0B5700B9E1ED /* CollectionType.swift in Sources */,
				74B8DC8E1CCD593600B9E1ED /* TimelineTimeMarkerSupplementaryView.swift in Sources */,
				74B8DC931CCD712100B9E1ED /* EditorContext.swift in Sources */,
				74B8DC991CCE090900B9E1ED /* Frozen.swift in Sources */,
				74D638E71C4D941F00175740 /* AppDelegate.swift in Sources */,
				74B4FAD11CCAA55600AE26EC /* TimelineViewController.swift in Sources */,
				74B8DC791CCAD72800B9E1ED /* AssetsViewController.swift in Sources */,
				74C815DD1CCEA924007B285D /* UtilitesViewController.swift in Sources */,
				74B8DC951CCE083400B9E1ED /* Track.swift in Sources */,
				74B8DC771CCAB1A900B9E1ED /* EditorViewController.swift in Sources */,
				74B8DC7B1CCAD74400B9E1ED /* PreviewViewController.swift in Sources */,
				74B8DCA01CCE0C1400B9E1ED /* TimelineTrackHeaderSupplementaryView.swift in Sources */,
				74B8DC9E1CCE0B9900B9E1ED /* TimelineTrackDecorationView.swift in Sources */,
			);
			runOnlyForDeploymentPostprocessing = 0;
		};
/* End PBXSourcesBuildPhase section */

/* Begin PBXVariantGroup section */
		74D638EF1C4D941F00175740 /* LaunchScreen.storyboard */ = {
			isa = PBXVariantGroup;
			children = (
				74D638F01C4D941F00175740 /* Base */,
			);
			name = LaunchScreen.storyboard;
			sourceTree = "<group>";
		};
/* End PBXVariantGroup section */

/* Begin XCBuildConfiguration section */
		74D638F31C4D941F00175740 /* Debug */ = {
			isa = XCBuildConfiguration;
			buildSettings = {
				ALWAYS_SEARCH_USER_PATHS = NO;
				CLANG_CXX_LANGUAGE_STANDARD = "gnu++0x";
				CLANG_CXX_LIBRARY = "libc++";
				CLANG_ENABLE_MODULES = YES;
				CLANG_ENABLE_OBJC_ARC = YES;
				CLANG_WARN_BOOL_CONVERSION = YES;
				CLANG_WARN_CONSTANT_CONVERSION = YES;
				CLANG_WARN_DIRECT_OBJC_ISA_USAGE = YES_ERROR;
				CLANG_WARN_EMPTY_BODY = YES;
				CLANG_WARN_ENUM_CONVERSION = YES;
				CLANG_WARN_INT_CONVERSION = YES;
				CLANG_WARN_OBJC_ROOT_CLASS = YES_ERROR;
				CLANG_WARN_UNREACHABLE_CODE = YES;
				CLANG_WARN__DUPLICATE_METHOD_MATCH = YES;
				"CODE_SIGN_IDENTITY[sdk=iphoneos*]" = "iPhone Developer";
				COPY_PHASE_STRIP = NO;
				DEBUG_INFORMATION_FORMAT = dwarf;
				ENABLE_STRICT_OBJC_MSGSEND = YES;
				ENABLE_TESTABILITY = YES;
				GCC_C_LANGUAGE_STANDARD = gnu99;
				GCC_DYNAMIC_NO_PIC = NO;
				GCC_NO_COMMON_BLOCKS = YES;
				GCC_OPTIMIZATION_LEVEL = 0;
				GCC_PREPROCESSOR_DEFINITIONS = (
					"DEBUG=1",
					"$(inherited)",
				);
				GCC_WARN_64_TO_32_BIT_CONVERSION = YES;
				GCC_WARN_ABOUT_RETURN_TYPE = YES_ERROR;
				GCC_WARN_UNDECLARED_SELECTOR = YES;
				GCC_WARN_UNINITIALIZED_AUTOS = YES_AGGRESSIVE;
				GCC_WARN_UNUSED_FUNCTION = YES;
				GCC_WARN_UNUSED_VARIABLE = YES;
				IPHONEOS_DEPLOYMENT_TARGET = 9.2;
				MTL_ENABLE_DEBUG_INFO = YES;
				ONLY_ACTIVE_ARCH = YES;
				SDKROOT = iphoneos;
				SWIFT_OPTIMIZATION_LEVEL = "-Onone";
				TARGETED_DEVICE_FAMILY = "1,2";
			};
			name = Debug;
		};
		74D638F41C4D941F00175740 /* Release */ = {
			isa = XCBuildConfiguration;
			buildSettings = {
				ALWAYS_SEARCH_USER_PATHS = NO;
				CLANG_CXX_LANGUAGE_STANDARD = "gnu++0x";
				CLANG_CXX_LIBRARY = "libc++";
				CLANG_ENABLE_MODULES = YES;
				CLANG_ENABLE_OBJC_ARC = YES;
				CLANG_WARN_BOOL_CONVERSION = YES;
				CLANG_WARN_CONSTANT_CONVERSION = YES;
				CLANG_WARN_DIRECT_OBJC_ISA_USAGE = YES_ERROR;
				CLANG_WARN_EMPTY_BODY = YES;
				CLANG_WARN_ENUM_CONVERSION = YES;
				CLANG_WARN_INT_CONVERSION = YES;
				CLANG_WARN_OBJC_ROOT_CLASS = YES_ERROR;
				CLANG_WARN_UNREACHABLE_CODE = YES;
				CLANG_WARN__DUPLICATE_METHOD_MATCH = YES;
				"CODE_SIGN_IDENTITY[sdk=iphoneos*]" = "iPhone Developer";
				COPY_PHASE_STRIP = NO;
				DEBUG_INFORMATION_FORMAT = "dwarf-with-dsym";
				ENABLE_NS_ASSERTIONS = NO;
				ENABLE_STRICT_OBJC_MSGSEND = YES;
				GCC_C_LANGUAGE_STANDARD = gnu99;
				GCC_NO_COMMON_BLOCKS = YES;
				GCC_WARN_64_TO_32_BIT_CONVERSION = YES;
				GCC_WARN_ABOUT_RETURN_TYPE = YES_ERROR;
				GCC_WARN_UNDECLARED_SELECTOR = YES;
				GCC_WARN_UNINITIALIZED_AUTOS = YES_AGGRESSIVE;
				GCC_WARN_UNUSED_FUNCTION = YES;
				GCC_WARN_UNUSED_VARIABLE = YES;
				IPHONEOS_DEPLOYMENT_TARGET = 9.2;
				MTL_ENABLE_DEBUG_INFO = NO;
				SDKROOT = iphoneos;
				TARGETED_DEVICE_FAMILY = "1,2";
				VALIDATE_PRODUCT = YES;
			};
			name = Release;
		};
		74D638F61C4D941F00175740 /* Debug */ = {
			isa = XCBuildConfiguration;
			buildSettings = {
				ASSETCATALOG_COMPILER_APPICON_NAME = AppIcon;
				INFOPLIST_FILE = Silkscreen/Info.plist;
				LD_RUNPATH_SEARCH_PATHS = "$(inherited) @executable_path/Frameworks";
				PRODUCT_BUNDLE_IDENTIFIER = val.Silkscreen;
				PRODUCT_NAME = "$(TARGET_NAME)";
			};
			name = Debug;
		};
		74D638F71C4D941F00175740 /* Release */ = {
			isa = XCBuildConfiguration;
			buildSettings = {
				ASSETCATALOG_COMPILER_APPICON_NAME = AppIcon;
				INFOPLIST_FILE = Silkscreen/Info.plist;
				LD_RUNPATH_SEARCH_PATHS = "$(inherited) @executable_path/Frameworks";
				PRODUCT_BUNDLE_IDENTIFIER = val.Silkscreen;
				PRODUCT_NAME = "$(TARGET_NAME)";
			};
			name = Release;
		};
/* End XCBuildConfiguration section */

/* Begin XCConfigurationList section */
		74D638DE1C4D941F00175740 /* Build configuration list for PBXProject "Silkscreen" */ = {
			isa = XCConfigurationList;
			buildConfigurations = (
				74D638F31C4D941F00175740 /* Debug */,
				74D638F41C4D941F00175740 /* Release */,
			);
			defaultConfigurationIsVisible = 0;
			defaultConfigurationName = Release;
		};
		74D638F51C4D941F00175740 /* Build configuration list for PBXNativeTarget "Silkscreen" */ = {
			isa = XCConfigurationList;
			buildConfigurations = (
				74D638F61C4D941F00175740 /* Debug */,
				74D638F71C4D941F00175740 /* Release */,
			);
			defaultConfigurationIsVisible = 0;
			defaultConfigurationName = Release;
		};
/* End XCConfigurationList section */
	};
	rootObject = 74D638DB1C4D941F00175740 /* Project object */;
}
