<?xml version="1.0" encoding="UTF-8"?>
<!DOCTYPE plist PUBLIC "-//Apple//DTD PLIST 1.0//EN" "http://www.apple.com/DTDs/PropertyList-1.0.dtd">
<plist version="1.0">
<dict>
	<key>archiveVersion</key>
	<string>1</string>
	<key>classes</key>
	<dict/>
	<key>objectVersion</key>
	<string>46</string>
	<key>objects</key>
	<dict>
		<key>229309A5AED79A25DD71D269</key>
		<dict>
			<key>children</key>
			<array>
				<string>92DCBA880119C05DC0024177</string>
				<string>6A6E6AB810AAE655ECB631B4</string>
			</array>
			<key>isa</key>
			<string>PBXGroup</string>
			<key>name</key>
			<string>Pods</string>
			<key>sourceTree</key>
			<string>&lt;group&gt;</string>
		</dict>
		<key>37DF2C10363C74DB8148D73E</key>
		<dict>
			<key>buildActionMask</key>
			<string>2147483647</string>
			<key>files</key>
			<array/>
			<key>inputPaths</key>
			<array/>
			<key>isa</key>
			<string>PBXShellScriptBuildPhase</string>
			<key>name</key>
			<string>Copy Pods Resources</string>
			<key>outputPaths</key>
			<array/>
			<key>runOnlyForDeploymentPostprocessing</key>
			<string>0</string>
			<key>shellPath</key>
			<string>/bin/sh</string>
			<key>shellScript</key>
			<string>"${SRCROOT}/Pods/Target Support Files/Pods-Silkscreen/Pods-Silkscreen-resources.sh"
</string>
			<key>showEnvVarsInLog</key>
			<string>0</string>
		</dict>
		<key>6A6E6AB810AAE655ECB631B4</key>
		<dict>
			<key>includeInIndex</key>
			<string>1</string>
			<key>isa</key>
			<string>PBXFileReference</string>
			<key>lastKnownFileType</key>
			<string>text.xcconfig</string>
			<key>name</key>
			<string>Pods-Silkscreen.release.xcconfig</string>
			<key>path</key>
			<string>Pods/Target Support Files/Pods-Silkscreen/Pods-Silkscreen.release.xcconfig</string>
			<key>sourceTree</key>
			<string>&lt;group&gt;</string>
		</dict>
		<key>6C4F831CC884BED87EE68215</key>
		<dict>
			<key>buildActionMask</key>
			<string>2147483647</string>
			<key>files</key>
			<array/>
			<key>inputPaths</key>
			<array/>
			<key>isa</key>
			<string>PBXShellScriptBuildPhase</string>
			<key>name</key>
			<string>Check Pods Manifest.lock</string>
			<key>outputPaths</key>
			<array/>
			<key>runOnlyForDeploymentPostprocessing</key>
			<string>0</string>
			<key>shellPath</key>
			<string>/bin/sh</string>
			<key>shellScript</key>
			<string>diff "${PODS_ROOT}/../Podfile.lock" "${PODS_ROOT}/Manifest.lock" &gt; /dev/null
if [[ $? != 0 ]] ; then
    cat &lt;&lt; EOM
error: The sandbox is not in sync with the Podfile.lock. Run 'pod install' or update your CocoaPods installation.
EOM
    exit 1
fi
</string>
			<key>showEnvVarsInLog</key>
			<string>0</string>
		</dict>
		<key>745521AE1CCF92A50041C072</key>
		<dict>
			<key>fileEncoding</key>
			<string>4</string>
			<key>isa</key>
			<string>PBXFileReference</string>
			<key>lastKnownFileType</key>
			<string>sourcecode.swift</string>
			<key>path</key>
			<string>ImagePickerViewController.swift</string>
			<key>sourceTree</key>
			<string>&lt;group&gt;</string>
		</dict>
		<key>745521AF1CCF92A50041C072</key>
		<dict>
			<key>fileRef</key>
			<string>745521AE1CCF92A50041C072</string>
			<key>isa</key>
			<string>PBXBuildFile</string>
		</dict>
		<key>745521B61CCFE9D20041C072</key>
		<dict>
			<key>fileEncoding</key>
			<string>4</string>
			<key>isa</key>
			<string>PBXFileReference</string>
			<key>lastKnownFileType</key>
			<string>sourcecode.swift</string>
			<key>path</key>
			<string>Asset.swift</string>
			<key>sourceTree</key>
			<string>&lt;group&gt;</string>
		</dict>
		<key>745521B71CCFE9D20041C072</key>
		<dict>
			<key>fileRef</key>
			<string>745521B61CCFE9D20041C072</string>
			<key>isa</key>
			<string>PBXBuildFile</string>
		</dict>
		<key>745521B81CCFEA900041C072</key>
		<dict>
			<key>fileEncoding</key>
			<string>4</string>
			<key>isa</key>
			<string>PBXFileReference</string>
			<key>lastKnownFileType</key>
			<string>sourcecode.swift</string>
			<key>path</key>
			<string>Signal.swift</string>
			<key>sourceTree</key>
			<string>&lt;group&gt;</string>
		</dict>
		<key>745521B91CCFEA900041C072</key>
		<dict>
			<key>fileRef</key>
			<string>745521B81CCFEA900041C072</string>
			<key>isa</key>
			<string>PBXBuildFile</string>
		</dict>
		<key>745521BA1CCFEB160041C072</key>
		<dict>
			<key>fileEncoding</key>
			<string>4</string>
			<key>isa</key>
			<string>PBXFileReference</string>
			<key>lastKnownFileType</key>
			<string>sourcecode.swift</string>
			<key>path</key>
			<string>Slot.swift</string>
			<key>sourceTree</key>
			<string>&lt;group&gt;</string>
		</dict>
		<key>745521BB1CCFEB160041C072</key>
		<dict>
			<key>fileRef</key>
			<string>745521BA1CCFEB160041C072</string>
			<key>isa</key>
			<string>PBXBuildFile</string>
		</dict>
		<key>745521BC1CCFFECD0041C072</key>
		<dict>
			<key>fileEncoding</key>
			<string>4</string>
			<key>isa</key>
			<string>PBXFileReference</string>
			<key>lastKnownFileType</key>
			<string>sourcecode.swift</string>
			<key>path</key>
			<string>AssetTableViewCell.swift</string>
			<key>sourceTree</key>
			<string>&lt;group&gt;</string>
		</dict>
		<key>745521BD1CCFFECD0041C072</key>
		<dict>
			<key>fileRef</key>
			<string>745521BC1CCFFECD0041C072</string>
			<key>isa</key>
			<string>PBXBuildFile</string>
		</dict>
		<key>745521BE1CD00BEC0041C072</key>
		<dict>
			<key>fileEncoding</key>
			<string>4</string>
			<key>isa</key>
			<string>PBXFileReference</string>
			<key>lastKnownFileType</key>
			<string>sourcecode.swift</string>
			<key>path</key>
			<string>Project.swift</string>
			<key>sourceTree</key>
			<string>&lt;group&gt;</string>
		</dict>
		<key>745521BF1CD00BEC0041C072</key>
		<dict>
			<key>fileRef</key>
			<string>745521BE1CD00BEC0041C072</string>
			<key>isa</key>
			<string>PBXBuildFile</string>
		</dict>
		<key>74B4FACB1CCAA52D00AE26EC</key>
		<dict>
			<key>children</key>
			<array>
				<string>74B4FACC1CCAA52D00AE26EC</string>
				<string>74B4FAD01CCAA55600AE26EC</string>
				<string>74B8DC761CCAB1A900B9E1ED</string>
				<string>74B8DC781CCAD72800B9E1ED</string>
				<string>74B8DC7A1CCAD74400B9E1ED</string>
				<string>74C815DC1CCEA924007B285D</string>
				<string>74C815DE1CCEAB1A007B285D</string>
				<string>745521AE1CCF92A50041C072</string>
			</array>
			<key>isa</key>
			<string>PBXGroup</string>
			<key>path</key>
			<string>ViewControllers</string>
			<key>sourceTree</key>
			<string>&lt;group&gt;</string>
		</dict>
		<key>74B4FACC1CCAA52D00AE26EC</key>
		<dict>
			<key>fileEncoding</key>
			<string>4</string>
			<key>isa</key>
			<string>PBXFileReference</string>
			<key>lastKnownFileType</key>
			<string>sourcecode.swift</string>
			<key>path</key>
			<string>DividableViewController.swift</string>
			<key>sourceTree</key>
			<string>&lt;group&gt;</string>
		</dict>
		<key>74B4FACD1CCAA52D00AE26EC</key>
		<dict>
			<key>fileRef</key>
			<string>74B4FACC1CCAA52D00AE26EC</string>
			<key>isa</key>
			<string>PBXBuildFile</string>
		</dict>
		<key>74B4FACE1CCAA54500AE26EC</key>
		<dict>
			<key>children</key>
			<array>
				<string>74B8DC921CCD712100B9E1ED</string>
				<string>74B8DC941CCE083400B9E1ED</string>
				<string>745521B61CCFE9D20041C072</string>
				<string>745521BE1CD00BEC0041C072</string>
			</array>
			<key>isa</key>
			<string>PBXGroup</string>
			<key>path</key>
			<string>Models</string>
			<key>sourceTree</key>
			<string>&lt;group&gt;</string>
		</dict>
		<key>74B4FACF1CCAA54500AE26EC</key>
		<dict>
			<key>children</key>
			<array/>
			<key>isa</key>
			<string>PBXGroup</string>
			<key>path</key>
			<string>ViewModels</string>
			<key>sourceTree</key>
			<string>&lt;group&gt;</string>
		</dict>
		<key>74B4FAD01CCAA55600AE26EC</key>
		<dict>
			<key>fileEncoding</key>
			<string>4</string>
			<key>isa</key>
			<string>PBXFileReference</string>
			<key>lastKnownFileType</key>
			<string>sourcecode.swift</string>
			<key>path</key>
			<string>TimelineViewController.swift</string>
			<key>sourceTree</key>
			<string>&lt;group&gt;</string>
		</dict>
		<key>74B4FAD11CCAA55600AE26EC</key>
		<dict>
			<key>fileRef</key>
			<string>74B4FAD01CCAA55600AE26EC</string>
			<key>isa</key>
			<string>PBXBuildFile</string>
		</dict>
		<key>74B8DC761CCAB1A900B9E1ED</key>
		<dict>
			<key>fileEncoding</key>
			<string>4</string>
			<key>isa</key>
			<string>PBXFileReference</string>
			<key>lastKnownFileType</key>
			<string>sourcecode.swift</string>
			<key>path</key>
			<string>EditorViewController.swift</string>
			<key>sourceTree</key>
			<string>&lt;group&gt;</string>
		</dict>
		<key>74B8DC771CCAB1A900B9E1ED</key>
		<dict>
			<key>fileRef</key>
			<string>74B8DC761CCAB1A900B9E1ED</string>
			<key>isa</key>
			<string>PBXBuildFile</string>
		</dict>
		<key>74B8DC781CCAD72800B9E1ED</key>
		<dict>
			<key>fileEncoding</key>
			<string>4</string>
			<key>isa</key>
			<string>PBXFileReference</string>
			<key>lastKnownFileType</key>
			<string>sourcecode.swift</string>
			<key>path</key>
			<string>AssetsViewController.swift</string>
			<key>sourceTree</key>
			<string>&lt;group&gt;</string>
		</dict>
		<key>74B8DC791CCAD72800B9E1ED</key>
		<dict>
			<key>fileRef</key>
			<string>74B8DC781CCAD72800B9E1ED</string>
			<key>isa</key>
			<string>PBXBuildFile</string>
		</dict>
		<key>74B8DC7A1CCAD74400B9E1ED</key>
		<dict>
			<key>fileEncoding</key>
			<string>4</string>
			<key>isa</key>
			<string>PBXFileReference</string>
			<key>lastKnownFileType</key>
			<string>sourcecode.swift</string>
			<key>path</key>
			<string>PreviewViewController.swift</string>
			<key>sourceTree</key>
			<string>&lt;group&gt;</string>
		</dict>
		<key>74B8DC7B1CCAD74400B9E1ED</key>
		<dict>
			<key>fileRef</key>
			<string>74B8DC7A1CCAD74400B9E1ED</string>
			<key>isa</key>
			<string>PBXBuildFile</string>
		</dict>
		<key>74B8DC871CCBF31600B9E1ED</key>
		<dict>
			<key>children</key>
			<array>
				<string>74B8DC8F1CCD69FD00B9E1ED</string>
				<string>74B8DC881CCBF32D00B9E1ED</string>
			</array>
			<key>isa</key>
			<string>PBXGroup</string>
			<key>path</key>
			<string>Layout</string>
			<key>sourceTree</key>
			<string>&lt;group&gt;</string>
		</dict>
		<key>74B8DC881CCBF32D00B9E1ED</key>
		<dict>
			<key>fileEncoding</key>
			<string>4</string>
			<key>isa</key>
			<string>PBXFileReference</string>
			<key>lastKnownFileType</key>
			<string>sourcecode.swift</string>
			<key>path</key>
			<string>TimelineCollectionViewLayout.swift</string>
			<key>sourceTree</key>
			<string>&lt;group&gt;</string>
		</dict>
		<key>74B8DC891CCBF32D00B9E1ED</key>
		<dict>
			<key>fileRef</key>
			<string>74B8DC881CCBF32D00B9E1ED</string>
			<key>isa</key>
			<string>PBXBuildFile</string>
		</dict>
		<key>74B8DC8A1CCBF69100B9E1ED</key>
		<dict>
			<key>children</key>
			<array>
				<string>74B8DC8B1CCBF6A200B9E1ED</string>
				<string>74B8DC8D1CCD593600B9E1ED</string>
				<string>74B8DC9D1CCE0B9800B9E1ED</string>
				<string>74B8DC9F1CCE0C1400B9E1ED</string>
				<string>745521BC1CCFFECD0041C072</string>
			</array>
			<key>isa</key>
			<string>PBXGroup</string>
			<key>path</key>
			<string>View</string>
			<key>sourceTree</key>
			<string>&lt;group&gt;</string>
		</dict>
		<key>74B8DC8B1CCBF6A200B9E1ED</key>
		<dict>
			<key>fileEncoding</key>
			<string>4</string>
			<key>isa</key>
			<string>PBXFileReference</string>
			<key>lastKnownFileType</key>
			<string>sourcecode.swift</string>
			<key>path</key>
			<string>TimelineHeaderDecorationView.swift</string>
			<key>sourceTree</key>
			<string>&lt;group&gt;</string>
		</dict>
		<key>74B8DC8C1CCBF6A200B9E1ED</key>
		<dict>
			<key>fileRef</key>
			<string>74B8DC8B1CCBF6A200B9E1ED</string>
			<key>isa</key>
			<string>PBXBuildFile</string>
		</dict>
		<key>74B8DC8D1CCD593600B9E1ED</key>
		<dict>
			<key>fileEncoding</key>
			<string>4</string>
			<key>isa</key>
			<string>PBXFileReference</string>
			<key>lastKnownFileType</key>
			<string>sourcecode.swift</string>
			<key>path</key>
			<string>TimelineTimeMarkerSupplementaryView.swift</string>
			<key>sourceTree</key>
			<string>&lt;group&gt;</string>
		</dict>
		<key>74B8DC8E1CCD593600B9E1ED</key>
		<dict>
			<key>fileRef</key>
			<string>74B8DC8D1CCD593600B9E1ED</string>
			<key>isa</key>
			<string>PBXBuildFile</string>
		</dict>
		<key>74B8DC8F1CCD69FD00B9E1ED</key>
		<dict>
			<key>children</key>
			<array>
				<string>74B8DC901CCD6A1100B9E1ED</string>
			</array>
			<key>isa</key>
			<string>PBXGroup</string>
			<key>path</key>
			<string>LayoutAttributes</string>
			<key>sourceTree</key>
			<string>&lt;group&gt;</string>
		</dict>
		<key>74B8DC901CCD6A1100B9E1ED</key>
		<dict>
			<key>fileEncoding</key>
			<string>4</string>
			<key>isa</key>
			<string>PBXFileReference</string>
			<key>lastKnownFileType</key>
			<string>sourcecode.swift</string>
			<key>path</key>
			<string>TimelineCollectionViewLayoutAttributes.swift</string>
			<key>sourceTree</key>
			<string>&lt;group&gt;</string>
		</dict>
		<key>74B8DC911CCD6A1100B9E1ED</key>
		<dict>
			<key>fileRef</key>
			<string>74B8DC901CCD6A1100B9E1ED</string>
			<key>isa</key>
			<string>PBXBuildFile</string>
		</dict>
		<key>74B8DC921CCD712100B9E1ED</key>
		<dict>
			<key>fileEncoding</key>
			<string>4</string>
			<key>isa</key>
			<string>PBXFileReference</string>
			<key>lastKnownFileType</key>
			<string>sourcecode.swift</string>
			<key>path</key>
			<string>EditorContext.swift</string>
			<key>sourceTree</key>
			<string>&lt;group&gt;</string>
		</dict>
		<key>74B8DC931CCD712100B9E1ED</key>
		<dict>
			<key>fileRef</key>
			<string>74B8DC921CCD712100B9E1ED</string>
			<key>isa</key>
			<string>PBXBuildFile</string>
		</dict>
		<key>74B8DC941CCE083400B9E1ED</key>
		<dict>
			<key>fileEncoding</key>
			<string>4</string>
			<key>isa</key>
			<string>PBXFileReference</string>
			<key>lastKnownFileType</key>
			<string>sourcecode.swift</string>
			<key>path</key>
			<string>Track.swift</string>
			<key>sourceTree</key>
			<string>&lt;group&gt;</string>
		</dict>
		<key>74B8DC951CCE083400B9E1ED</key>
		<dict>
			<key>fileRef</key>
			<string>74B8DC941CCE083400B9E1ED</string>
			<key>isa</key>
			<string>PBXBuildFile</string>
		</dict>
		<key>74B8DC971CCE090100B9E1ED</key>
		<dict>
			<key>children</key>
			<array>
				<string>74B8DC9A1CCE0B4F00B9E1ED</string>
				<string>74B8DC981CCE090900B9E1ED</string>
				<string>745521B81CCFEA900041C072</string>
				<string>745521BA1CCFEB160041C072</string>
			</array>
			<key>isa</key>
			<string>PBXGroup</string>
			<key>path</key>
			<string>Types</string>
			<key>sourceTree</key>
			<string>&lt;group&gt;</string>
		</dict>
		<key>74B8DC981CCE090900B9E1ED</key>
		<dict>
			<key>fileEncoding</key>
			<string>4</string>
			<key>isa</key>
			<string>PBXFileReference</string>
			<key>lastKnownFileType</key>
			<string>sourcecode.swift</string>
			<key>path</key>
			<string>Frozen.swift</string>
			<key>sourceTree</key>
			<string>&lt;group&gt;</string>
		</dict>
		<key>74B8DC991CCE090900B9E1ED</key>
		<dict>
			<key>fileRef</key>
			<string>74B8DC981CCE090900B9E1ED</string>
			<key>isa</key>
			<string>PBXBuildFile</string>
		</dict>
		<key>74B8DC9A1CCE0B4F00B9E1ED</key>
		<dict>
			<key>children</key>
			<array>
				<string>74B8DC9B1CCE0B5700B9E1ED</string>
			</array>
			<key>isa</key>
			<string>PBXGroup</string>
			<key>path</key>
			<string>Frozen</string>
			<key>sourceTree</key>
			<string>&lt;group&gt;</string>
		</dict>
		<key>74B8DC9B1CCE0B5700B9E1ED</key>
		<dict>
			<key>fileEncoding</key>
			<string>4</string>
			<key>isa</key>
			<string>PBXFileReference</string>
			<key>lastKnownFileType</key>
			<string>sourcecode.swift</string>
			<key>path</key>
			<string>CollectionType.swift</string>
			<key>sourceTree</key>
			<string>&lt;group&gt;</string>
		</dict>
		<key>74B8DC9C1CCE0B5700B9E1ED</key>
		<dict>
			<key>fileRef</key>
			<string>74B8DC9B1CCE0B5700B9E1ED</string>
			<key>isa</key>
			<string>PBXBuildFile</string>
		</dict>
		<key>74B8DC9D1CCE0B9800B9E1ED</key>
		<dict>
			<key>fileEncoding</key>
			<string>4</string>
			<key>isa</key>
			<string>PBXFileReference</string>
			<key>lastKnownFileType</key>
			<string>sourcecode.swift</string>
			<key>path</key>
			<string>TimelineTrackDecorationView.swift</string>
			<key>sourceTree</key>
			<string>&lt;group&gt;</string>
		</dict>
		<key>74B8DC9E1CCE0B9900B9E1ED</key>
		<dict>
			<key>fileRef</key>
			<string>74B8DC9D1CCE0B9800B9E1ED</string>
			<key>isa</key>
			<string>PBXBuildFile</string>
		</dict>
		<key>74B8DC9F1CCE0C1400B9E1ED</key>
		<dict>
			<key>fileEncoding</key>
			<string>4</string>
			<key>isa</key>
			<string>PBXFileReference</string>
			<key>lastKnownFileType</key>
			<string>sourcecode.swift</string>
			<key>path</key>
			<string>TimelineTrackHeaderSupplementaryView.swift</string>
			<key>sourceTree</key>
			<string>&lt;group&gt;</string>
		</dict>
		<key>74B8DCA01CCE0C1400B9E1ED</key>
		<dict>
			<key>fileRef</key>
			<string>74B8DC9F1CCE0C1400B9E1ED</string>
			<key>isa</key>
			<string>PBXBuildFile</string>
		</dict>
		<key>74C815DC1CCEA924007B285D</key>
		<dict>
			<key>fileEncoding</key>
			<string>4</string>
			<key>isa</key>
			<string>PBXFileReference</string>
			<key>lastKnownFileType</key>
			<string>sourcecode.swift</string>
			<key>path</key>
			<string>UtilitesViewController.swift</string>
			<key>sourceTree</key>
			<string>&lt;group&gt;</string>
		</dict>
		<key>74C815DD1CCEA924007B285D</key>
		<dict>
			<key>fileRef</key>
			<string>74C815DC1CCEA924007B285D</string>
			<key>isa</key>
			<string>PBXBuildFile</string>
		</dict>
		<key>74C815DE1CCEAB1A007B285D</key>
		<dict>
			<key>fileEncoding</key>
			<string>4</string>
			<key>isa</key>
			<string>PBXFileReference</string>
			<key>lastKnownFileType</key>
			<string>sourcecode.swift</string>
			<key>path</key>
			<string>InspectorViewController.swift</string>
			<key>sourceTree</key>
			<string>&lt;group&gt;</string>
		</dict>
		<key>74C815DF1CCEAB1A007B285D</key>
		<dict>
			<key>fileRef</key>
			<string>74C815DE1CCEAB1A007B285D</string>
			<key>isa</key>
			<string>PBXBuildFile</string>
		</dict>
		<key>74D638DA1C4D941F00175740</key>
		<dict>
			<key>children</key>
			<array>
				<string>74D638E51C4D941F00175740</string>
				<string>74D638E41C4D941F00175740</string>
				<string>229309A5AED79A25DD71D269</string>
				<string>E08F88F402B47A7AEEDDCB98</string>
			</array>
			<key>isa</key>
			<string>PBXGroup</string>
			<key>sourceTree</key>
			<string>&lt;group&gt;</string>
		</dict>
		<key>74D638DB1C4D941F00175740</key>
		<dict>
			<key>attributes</key>
			<dict>
				<key>LastSwiftUpdateCheck</key>
				<string>0720</string>
				<key>LastUpgradeCheck</key>
				<string>0720</string>
				<key>ORGANIZATIONNAME</key>
				<string>SK</string>
				<key>TargetAttributes</key>
				<dict>
					<key>74D638E21C4D941F00175740</key>
					<dict>
						<key>CreatedOnToolsVersion</key>
						<string>7.2</string>
					</dict>
				</dict>
			</dict>
			<key>buildConfigurationList</key>
			<string>74D638DE1C4D941F00175740</string>
			<key>compatibilityVersion</key>
			<string>Xcode 3.2</string>
			<key>developmentRegion</key>
			<string>English</string>
			<key>hasScannedForEncodings</key>
			<string>0</string>
			<key>isa</key>
			<string>PBXProject</string>
			<key>knownRegions</key>
			<array>
				<string>en</string>
				<string>Base</string>
			</array>
			<key>mainGroup</key>
			<string>74D638DA1C4D941F00175740</string>
			<key>productRefGroup</key>
			<string>74D638E41C4D941F00175740</string>
			<key>projectDirPath</key>
			<string></string>
			<key>projectReferences</key>
			<array/>
			<key>projectRoot</key>
			<string></string>
			<key>targets</key>
			<array>
				<string>74D638E21C4D941F00175740</string>
			</array>
		</dict>
		<key>74D638DE1C4D941F00175740</key>
		<dict>
			<key>buildConfigurations</key>
			<array>
				<string>74D638F31C4D941F00175740</string>
				<string>74D638F41C4D941F00175740</string>
			</array>
			<key>defaultConfigurationIsVisible</key>
			<string>0</string>
			<key>defaultConfigurationName</key>
			<string>Release</string>
			<key>isa</key>
			<string>XCConfigurationList</string>
		</dict>
		<key>74D638DF1C4D941F00175740</key>
		<dict>
			<key>buildActionMask</key>
			<string>2147483647</string>
			<key>files</key>
			<array>
				<string>74B4FACD1CCAA52D00AE26EC</string>
				<string>745521B91CCFEA900041C072</string>
				<string>74B8DC891CCBF32D00B9E1ED</string>
				<string>745521B71CCFE9D20041C072</string>
				<string>74B8DC911CCD6A1100B9E1ED</string>
				<string>74B8DC8C1CCBF6A200B9E1ED</string>
				<string>74C815DF1CCEAB1A007B285D</string>
				<string>74B8DC9C1CCE0B5700B9E1ED</string>
				<string>74B8DC8E1CCD593600B9E1ED</string>
				<string>745521AF1CCF92A50041C072</string>
				<string>74B8DC931CCD712100B9E1ED</string>
				<string>74B8DC991CCE090900B9E1ED</string>
				<string>74D638E71C4D941F00175740</string>
				<string>74B4FAD11CCAA55600AE26EC</string>
				<string>74B8DC791CCAD72800B9E1ED</string>
				<string>74C815DD1CCEA924007B285D</string>
				<string>745521BD1CCFFECD0041C072</string>
				<string>74B8DC951CCE083400B9E1ED</string>
				<string>74B8DC771CCAB1A900B9E1ED</string>
				<string>74B8DC7B1CCAD74400B9E1ED</string>
				<string>74B8DCA01CCE0C1400B9E1ED</string>
				<string>74B8DC9E1CCE0B9900B9E1ED</string>
				<string>745521BB1CCFEB160041C072</string>
				<string>745521BF1CD00BEC0041C072</string>
			</array>
			<key>isa</key>
			<string>PBXSourcesBuildPhase</string>
			<key>runOnlyForDeploymentPostprocessing</key>
			<string>0</string>
		</dict>
		<key>74D638E01C4D941F00175740</key>
		<dict>
			<key>buildActionMask</key>
			<string>2147483647</string>
			<key>files</key>
			<array>
				<string>E6AD3F4CF844B56F7D9EC4B2</string>
			</array>
			<key>isa</key>
			<string>PBXFrameworksBuildPhase</string>
			<key>runOnlyForDeploymentPostprocessing</key>
			<string>0</string>
		</dict>
		<key>74D638E11C4D941F00175740</key>
		<dict>
			<key>buildActionMask</key>
			<string>2147483647</string>
			<key>files</key>
			<array>
				<string>74D638F11C4D941F00175740</string>
				<string>74D638EE1C4D941F00175740</string>
			</array>
			<key>isa</key>
			<string>PBXResourcesBuildPhase</string>
			<key>runOnlyForDeploymentPostprocessing</key>
			<string>0</string>
		</dict>
		<key>74D638E21C4D941F00175740</key>
		<dict>
			<key>buildConfigurationList</key>
			<string>74D638F51C4D941F00175740</string>
			<key>buildPhases</key>
			<array>
				<string>6C4F831CC884BED87EE68215</string>
				<string>74D638DF1C4D941F00175740</string>
				<string>74D638E01C4D941F00175740</string>
				<string>74D638E11C4D941F00175740</string>
				<string>78A07549A82B97BB4F89F303</string>
				<string>37DF2C10363C74DB8148D73E</string>
			</array>
			<key>buildRules</key>
			<array/>
			<key>dependencies</key>
			<array/>
			<key>isa</key>
			<string>PBXNativeTarget</string>
			<key>name</key>
			<string>Silkscreen</string>
			<key>productName</key>
			<string>Silkscreen</string>
			<key>productReference</key>
			<string>74D638E31C4D941F00175740</string>
			<key>productType</key>
			<string>com.apple.product-type.application</string>
		</dict>
		<key>74D638E31C4D941F00175740</key>
		<dict>
			<key>explicitFileType</key>
			<string>wrapper.application</string>
			<key>includeInIndex</key>
			<string>0</string>
			<key>isa</key>
			<string>PBXFileReference</string>
			<key>path</key>
			<string>Silkscreen.app</string>
			<key>sourceTree</key>
			<string>BUILT_PRODUCTS_DIR</string>
		</dict>
		<key>74D638E41C4D941F00175740</key>
		<dict>
			<key>children</key>
			<array>
				<string>74D638E31C4D941F00175740</string>
			</array>
			<key>isa</key>
			<string>PBXGroup</string>
			<key>name</key>
			<string>Products</string>
			<key>sourceTree</key>
			<string>&lt;group&gt;</string>
		</dict>
		<key>74D638E51C4D941F00175740</key>
		<dict>
			<key>children</key>
			<array>
				<string>74B8DC971CCE090100B9E1ED</string>
				<string>74B8DC8A1CCBF69100B9E1ED</string>
				<string>74B8DC871CCBF31600B9E1ED</string>
				<string>74B4FACE1CCAA54500AE26EC</string>
				<string>74B4FACF1CCAA54500AE26EC</string>
				<string>74B4FACB1CCAA52D00AE26EC</string>
				<string>74D638E61C4D941F00175740</string>
				<string>74D638ED1C4D941F00175740</string>
				<string>74D638EF1C4D941F00175740</string>
				<string>74D638F21C4D941F00175740</string>
			</array>
			<key>isa</key>
			<string>PBXGroup</string>
			<key>path</key>
			<string>Silkscreen</string>
			<key>sourceTree</key>
			<string>&lt;group&gt;</string>
		</dict>
		<key>74D638E61C4D941F00175740</key>
		<dict>
			<key>isa</key>
			<string>PBXFileReference</string>
			<key>lastKnownFileType</key>
			<string>sourcecode.swift</string>
			<key>path</key>
			<string>AppDelegate.swift</string>
			<key>sourceTree</key>
			<string>&lt;group&gt;</string>
		</dict>
		<key>74D638E71C4D941F00175740</key>
		<dict>
			<key>fileRef</key>
			<string>74D638E61C4D941F00175740</string>
			<key>isa</key>
			<string>PBXBuildFile</string>
		</dict>
		<key>74D638ED1C4D941F00175740</key>
		<dict>
			<key>isa</key>
			<string>PBXFileReference</string>
			<key>lastKnownFileType</key>
			<string>folder.assetcatalog</string>
			<key>path</key>
			<string>Assets.xcassets</string>
			<key>sourceTree</key>
			<string>&lt;group&gt;</string>
		</dict>
		<key>74D638EE1C4D941F00175740</key>
		<dict>
			<key>fileRef</key>
			<string>74D638ED1C4D941F00175740</string>
			<key>isa</key>
			<string>PBXBuildFile</string>
		</dict>
		<key>74D638EF1C4D941F00175740</key>
		<dict>
			<key>children</key>
			<array>
				<string>74D638F01C4D941F00175740</string>
			</array>
			<key>isa</key>
			<string>PBXVariantGroup</string>
			<key>name</key>
			<string>LaunchScreen.storyboard</string>
			<key>sourceTree</key>
			<string>&lt;group&gt;</string>
		</dict>
		<key>74D638F01C4D941F00175740</key>
		<dict>
			<key>isa</key>
			<string>PBXFileReference</string>
			<key>lastKnownFileType</key>
			<string>file.storyboard</string>
			<key>name</key>
			<string>Base</string>
			<key>path</key>
			<string>Base.lproj/LaunchScreen.storyboard</string>
			<key>sourceTree</key>
			<string>&lt;group&gt;</string>
		</dict>
		<key>74D638F11C4D941F00175740</key>
		<dict>
			<key>fileRef</key>
			<string>74D638EF1C4D941F00175740</string>
			<key>isa</key>
			<string>PBXBuildFile</string>
		</dict>
		<key>74D638F21C4D941F00175740</key>
		<dict>
			<key>isa</key>
			<string>PBXFileReference</string>
			<key>lastKnownFileType</key>
			<string>text.plist.xml</string>
			<key>path</key>
			<string>Info.plist</string>
			<key>sourceTree</key>
			<string>&lt;group&gt;</string>
		</dict>
		<key>74D638F31C4D941F00175740</key>
		<dict>
			<key>buildSettings</key>
			<dict>
				<key>ALWAYS_SEARCH_USER_PATHS</key>
				<string>NO</string>
				<key>CLANG_CXX_LANGUAGE_STANDARD</key>
				<string>gnu++0x</string>
				<key>CLANG_CXX_LIBRARY</key>
				<string>libc++</string>
				<key>CLANG_ENABLE_MODULES</key>
				<string>YES</string>
				<key>CLANG_ENABLE_OBJC_ARC</key>
				<string>YES</string>
				<key>CLANG_WARN_BOOL_CONVERSION</key>
				<string>YES</string>
				<key>CLANG_WARN_CONSTANT_CONVERSION</key>
				<string>YES</string>
				<key>CLANG_WARN_DIRECT_OBJC_ISA_USAGE</key>
				<string>YES_ERROR</string>
				<key>CLANG_WARN_EMPTY_BODY</key>
				<string>YES</string>
				<key>CLANG_WARN_ENUM_CONVERSION</key>
				<string>YES</string>
				<key>CLANG_WARN_INT_CONVERSION</key>
				<string>YES</string>
				<key>CLANG_WARN_OBJC_ROOT_CLASS</key>
				<string>YES_ERROR</string>
				<key>CLANG_WARN_UNREACHABLE_CODE</key>
				<string>YES</string>
				<key>CLANG_WARN__DUPLICATE_METHOD_MATCH</key>
				<string>YES</string>
				<key>CODE_SIGN_IDENTITY[sdk=iphoneos*]</key>
				<string>iPhone Developer</string>
				<key>COPY_PHASE_STRIP</key>
				<string>NO</string>
				<key>DEBUG_INFORMATION_FORMAT</key>
				<string>dwarf</string>
				<key>ENABLE_STRICT_OBJC_MSGSEND</key>
				<string>YES</string>
				<key>ENABLE_TESTABILITY</key>
				<string>YES</string>
				<key>GCC_C_LANGUAGE_STANDARD</key>
				<string>gnu99</string>
				<key>GCC_DYNAMIC_NO_PIC</key>
				<string>NO</string>
				<key>GCC_NO_COMMON_BLOCKS</key>
				<string>YES</string>
				<key>GCC_OPTIMIZATION_LEVEL</key>
				<string>0</string>
				<key>GCC_PREPROCESSOR_DEFINITIONS</key>
				<array>
					<string>DEBUG=1</string>
					<string>$(inherited)</string>
				</array>
				<key>GCC_WARN_64_TO_32_BIT_CONVERSION</key>
				<string>YES</string>
				<key>GCC_WARN_ABOUT_RETURN_TYPE</key>
				<string>YES_ERROR</string>
				<key>GCC_WARN_UNDECLARED_SELECTOR</key>
				<string>YES</string>
				<key>GCC_WARN_UNINITIALIZED_AUTOS</key>
				<string>YES_AGGRESSIVE</string>
				<key>GCC_WARN_UNUSED_FUNCTION</key>
				<string>YES</string>
				<key>GCC_WARN_UNUSED_VARIABLE</key>
				<string>YES</string>
				<key>IPHONEOS_DEPLOYMENT_TARGET</key>
				<string>9.2</string>
				<key>MTL_ENABLE_DEBUG_INFO</key>
				<string>YES</string>
				<key>ONLY_ACTIVE_ARCH</key>
				<string>YES</string>
				<key>SDKROOT</key>
				<string>iphoneos</string>
				<key>SWIFT_OPTIMIZATION_LEVEL</key>
				<string>-Onone</string>
				<key>TARGETED_DEVICE_FAMILY</key>
				<string>1,2</string>
			</dict>
			<key>isa</key>
			<string>XCBuildConfiguration</string>
			<key>name</key>
			<string>Debug</string>
		</dict>
		<key>74D638F41C4D941F00175740</key>
		<dict>
			<key>buildSettings</key>
			<dict>
				<key>ALWAYS_SEARCH_USER_PATHS</key>
				<string>NO</string>
				<key>CLANG_CXX_LANGUAGE_STANDARD</key>
				<string>gnu++0x</string>
				<key>CLANG_CXX_LIBRARY</key>
				<string>libc++</string>
				<key>CLANG_ENABLE_MODULES</key>
				<string>YES</string>
				<key>CLANG_ENABLE_OBJC_ARC</key>
				<string>YES</string>
				<key>CLANG_WARN_BOOL_CONVERSION</key>
				<string>YES</string>
				<key>CLANG_WARN_CONSTANT_CONVERSION</key>
				<string>YES</string>
				<key>CLANG_WARN_DIRECT_OBJC_ISA_USAGE</key>
				<string>YES_ERROR</string>
				<key>CLANG_WARN_EMPTY_BODY</key>
				<string>YES</string>
				<key>CLANG_WARN_ENUM_CONVERSION</key>
				<string>YES</string>
				<key>CLANG_WARN_INT_CONVERSION</key>
				<string>YES</string>
				<key>CLANG_WARN_OBJC_ROOT_CLASS</key>
				<string>YES_ERROR</string>
				<key>CLANG_WARN_UNREACHABLE_CODE</key>
				<string>YES</string>
				<key>CLANG_WARN__DUPLICATE_METHOD_MATCH</key>
				<string>YES</string>
				<key>CODE_SIGN_IDENTITY[sdk=iphoneos*]</key>
				<string>iPhone Developer</string>
				<key>COPY_PHASE_STRIP</key>
				<string>NO</string>
				<key>DEBUG_INFORMATION_FORMAT</key>
				<string>dwarf-with-dsym</string>
				<key>ENABLE_NS_ASSERTIONS</key>
				<string>NO</string>
				<key>ENABLE_STRICT_OBJC_MSGSEND</key>
				<string>YES</string>
				<key>GCC_C_LANGUAGE_STANDARD</key>
				<string>gnu99</string>
				<key>GCC_NO_COMMON_BLOCKS</key>
				<string>YES</string>
				<key>GCC_WARN_64_TO_32_BIT_CONVERSION</key>
				<string>YES</string>
				<key>GCC_WARN_ABOUT_RETURN_TYPE</key>
				<string>YES_ERROR</string>
				<key>GCC_WARN_UNDECLARED_SELECTOR</key>
				<string>YES</string>
				<key>GCC_WARN_UNINITIALIZED_AUTOS</key>
				<string>YES_AGGRESSIVE</string>
				<key>GCC_WARN_UNUSED_FUNCTION</key>
				<string>YES</string>
				<key>GCC_WARN_UNUSED_VARIABLE</key>
				<string>YES</string>
				<key>IPHONEOS_DEPLOYMENT_TARGET</key>
				<string>9.2</string>
				<key>MTL_ENABLE_DEBUG_INFO</key>
				<string>NO</string>
				<key>SDKROOT</key>
				<string>iphoneos</string>
				<key>TARGETED_DEVICE_FAMILY</key>
				<string>1,2</string>
				<key>VALIDATE_PRODUCT</key>
				<string>YES</string>
			</dict>
			<key>isa</key>
			<string>XCBuildConfiguration</string>
			<key>name</key>
			<string>Release</string>
		</dict>
		<key>74D638F51C4D941F00175740</key>
		<dict>
			<key>buildConfigurations</key>
			<array>
				<string>74D638F61C4D941F00175740</string>
				<string>74D638F71C4D941F00175740</string>
			</array>
			<key>defaultConfigurationIsVisible</key>
			<string>0</string>
			<key>defaultConfigurationName</key>
			<string>Release</string>
			<key>isa</key>
			<string>XCConfigurationList</string>
		</dict>
		<key>74D638F61C4D941F00175740</key>
		<dict>
			<key>baseConfigurationReference</key>
			<string>92DCBA880119C05DC0024177</string>
			<key>buildSettings</key>
			<dict>
				<key>ASSETCATALOG_COMPILER_APPICON_NAME</key>
				<string>AppIcon</string>
				<key>INFOPLIST_FILE</key>
				<string>Silkscreen/Info.plist</string>
				<key>LD_RUNPATH_SEARCH_PATHS</key>
				<string>$(inherited) @executable_path/Frameworks</string>
				<key>PRODUCT_BUNDLE_IDENTIFIER</key>
				<string>val.Silkscreen</string>
				<key>PRODUCT_NAME</key>
				<string>$(TARGET_NAME)</string>
			</dict>
			<key>isa</key>
			<string>XCBuildConfiguration</string>
			<key>name</key>
			<string>Debug</string>
		</dict>
		<key>74D638F71C4D941F00175740</key>
		<dict>
			<key>baseConfigurationReference</key>
			<string>6A6E6AB810AAE655ECB631B4</string>
			<key>buildSettings</key>
			<dict>
				<key>ASSETCATALOG_COMPILER_APPICON_NAME</key>
				<string>AppIcon</string>
				<key>INFOPLIST_FILE</key>
				<string>Silkscreen/Info.plist</string>
				<key>LD_RUNPATH_SEARCH_PATHS</key>
				<string>$(inherited) @executable_path/Frameworks</string>
				<key>PRODUCT_BUNDLE_IDENTIFIER</key>
				<string>val.Silkscreen</string>
				<key>PRODUCT_NAME</key>
				<string>$(TARGET_NAME)</string>
			</dict>
			<key>isa</key>
			<string>XCBuildConfiguration</string>
			<key>name</key>
			<string>Release</string>
		</dict>
		<key>78A07549A82B97BB4F89F303</key>
		<dict>
			<key>buildActionMask</key>
			<string>2147483647</string>
			<key>files</key>
			<array/>
			<key>inputPaths</key>
			<array/>
			<key>isa</key>
			<string>PBXShellScriptBuildPhase</string>
			<key>name</key>
			<string>Embed Pods Frameworks</string>
			<key>outputPaths</key>
			<array/>
			<key>runOnlyForDeploymentPostprocessing</key>
			<string>0</string>
			<key>shellPath</key>
			<string>/bin/sh</string>
			<key>shellScript</key>
			<string>"${SRCROOT}/Pods/Target Support Files/Pods-Silkscreen/Pods-Silkscreen-frameworks.sh"
</string>
			<key>showEnvVarsInLog</key>
			<string>0</string>
		</dict>
		<key>92DCBA880119C05DC0024177</key>
		<dict>
			<key>includeInIndex</key>
			<string>1</string>
			<key>isa</key>
			<string>PBXFileReference</string>
			<key>lastKnownFileType</key>
			<string>text.xcconfig</string>
			<key>name</key>
			<string>Pods-Silkscreen.debug.xcconfig</string>
			<key>path</key>
			<string>Pods/Target Support Files/Pods-Silkscreen/Pods-Silkscreen.debug.xcconfig</string>
			<key>sourceTree</key>
			<string>&lt;group&gt;</string>
		</dict>
		<key>E08F88F402B47A7AEEDDCB98</key>
		<dict>
			<key>children</key>
			<array>
				<string>E9FA9D7765ABC55FF1D63292</string>
			</array>
			<key>isa</key>
			<string>PBXGroup</string>
			<key>name</key>
			<string>Frameworks</string>
			<key>sourceTree</key>
			<string>&lt;group&gt;</string>
		</dict>
		<key>E6AD3F4CF844B56F7D9EC4B2</key>
		<dict>
			<key>fileRef</key>
			<string>E9FA9D7765ABC55FF1D63292</string>
			<key>isa</key>
			<string>PBXBuildFile</string>
		</dict>
		<key>E9FA9D7765ABC55FF1D63292</key>
		<dict>
			<key>explicitFileType</key>
			<string>wrapper.framework</string>
			<key>includeInIndex</key>
			<string>0</string>
			<key>isa</key>
			<string>PBXFileReference</string>
			<key>path</key>
			<string>Pods_Silkscreen.framework</string>
			<key>sourceTree</key>
			<string>BUILT_PRODUCTS_DIR</string>
		</dict>
	</dict>
	<key>rootObject</key>
	<string>74D638DB1C4D941F00175740</string>
</dict>
</plist>
