PODS:
  - Cerfing (2.0.3):
    - CocoaAsyncSocket (~> 7.4)
  - CocoaAsyncSocket (7.4.3):
    - CocoaAsyncSocket/All (= 7.4.3)
  - CocoaAsyncSocket/All (7.4.3):
    - CocoaAsyncSocket/GCD
    - CocoaAsyncSocket/RunLoop
  - CocoaAsyncSocket/GCD (7.4.3)
  - CocoaAsyncSocket/RunLoop (7.4.3)
  - CoreDragon (0.1.2):
    - Cerfing (~> 2.0)
    - MeshPipe/CerfingMeshPipe (~> 0.1.2)
  - GZIP (1.1.1)
  - MeshPipe/CerfingMeshPipe (0.1.3):
    - Cerfing
    - MeshPipe/Core
  - MeshPipe/Core (0.1.3):
    - CocoaAsyncSocket (~> 7.4)
    - GZIP (~> 1.1)

DEPENDENCIES:
  - CoreDragon

SPEC CHECKSUMS:
  Cerfing: 81577784a7ec8f9947fad28ea06e62a2533d9cb5
  CocoaAsyncSocket: a18c75dca4b08723628a0bacca6e94803d90be91
  CoreDragon: d001ab5136f33036be12e9624395ae6c156897b0
  GZIP: f8beb59597f651e6970a45b816508a9c6d700b77
  MeshPipe: 1791a80fe51afbdaadffb889cb9641e400cf4758

COCOAPODS: 0.39.0
